
Microsoft Visual Studio Solution File, Format Version 12.00
# Visual Studio Version 16
VisualStudioVersion = 16.0.29209.62
MinimumVisualStudioVersion = 10.0.40219.1
Project("{8BC9CEB8-8B4A-11D0-8D11-00A0C91BC942}") = "test", "test\test.vcxproj", "{155F525A-FA2F-471F-A2DF-9B77E7CCCFA5}"
EndProject
Project("{8BC9CEB8-8B4A-11D0-8D11-00A0C91BC942}") = "testDeviceUniqueIdentifierHeaderOnly", "testDeviceUniqueIdentifierHeaderOnly\testDeviceUniqueIdentifierHeaderOnly.vcxproj", "{1E6D1113-2EDE-4E7E-BF17-A3663101C3AE}"
EndProject
Project("{8BC9CEB8-8B4A-11D0-8D11-00A0C91BC942}") = "testDeviceUniqueIdentifier", "testDeviceUniqueIdentifier\testDeviceUniqueIdentifier.vcxproj", "{CA7812A3-9E48-4A94-B39A-32EED587E38A}"
EndProject
Project("{8BC9CEB8-8B4A-11D0-8D11-00A0C91BC942}") = "test_win32", "test_win32\test_win32.vcxproj", "{A4B1CDB2-7325-4E22-AD0A-1D2907924CDB}"
EndProject
Project("{8BC9CEB8-8B4A-11D0-8D11-00A0C91BC942}") = "test_qt", "test_qt\test_qt.vcxproj", "{B12702AD-ABFB-343A-A199-8E24837244A3}"
EndProject
Project("{8BC9CEB8-8B4A-11D0-8D11-00A0C91BC942}") = "test_json", "test_json\test_json.vcxproj", "{8A39D7AF-50AF-43BD-8CC6-DA20B6349F03}"
EndProject
Project("{8BC9CEB8-8B4A-11D0-8D11-00A0C91BC942}") = "test_timestamp", "test_timestamp\test_timestamp.vcxproj", "{372670F2-83A5-4058-B93C-BB0DCC1521ED}"
EndProject
Project("{2150E333-8FDC-42A3-9474-1A3956D46DE8}") = "jlib", "jlib", "{42703978-A988-403D-9723-E35527FA8A07}"
	ProjectSection(SolutionItems) = preProject
		..\jlib\chrono_wrapper.h = ..\jlib\chrono_wrapper.h
		..\jlib\dp.h = ..\jlib\dp.h
		..\jlib\log.h = ..\jlib\log.h
		..\jlib\log2.h = ..\jlib\log2.h
		..\jlib\mem_tool.h = ..\jlib\mem_tool.h
		..\jlib\micro_getter_setter.h = ..\jlib\micro_getter_setter.h
		..\jlib\net.h = ..\jlib\net.h
		..\jlib\space.h = ..\jlib\space.h
		..\jlib\std_util.h = ..\jlib\std_util.h
		..\jlib\utf8.h = ..\jlib\utf8.h
		..\jlib\version_no.h = ..\jlib\version_no.h
		..\jlib\vs_ver.h = ..\jlib\vs_ver.h
		..\jlib\win32.h = ..\jlib\win32.h
	EndProjectSection
EndProject
Project("{2150E333-8FDC-42A3-9474-1A3956D46DE8}") = "thirdparty", "thirdparty", "{5A2CA1BE-5A4B-41B0-B74A-F86AB433F4A5}"
EndProject
Project("{2150E333-8FDC-42A3-9474-1A3956D46DE8}") = "base", "base", "{608A105E-40DB-44FD-8FC2-A66AB921688D}"
	ProjectSection(SolutionItems) = preProject
		..\jlib\base\cast.h = ..\jlib\base\cast.h
		..\jlib\base\config.h = ..\jlib\base\config.h
		..\jlib\base\copyable.h = ..\jlib\base\copyable.h
		..\jlib\base\currentthread.h = ..\jlib\base\currentthread.h
		..\jlib\base\logging.h = ..\jlib\base\logging.h
		..\jlib\base\logstream.h = ..\jlib\base\logstream.h
		..\jlib\base\noncopyable.h = ..\jlib\base\noncopyable.h
		..\jlib\base\singleton.h = ..\jlib\base\singleton.h
		..\jlib\base\stringpiece.h = ..\jlib\base\stringpiece.h
		..\jlib\base\timestamp.h = ..\jlib\base\timestamp.h
	EndProjectSection
EndProject
Project("{8BC9CEB8-8B4A-11D0-8D11-00A0C91BC942}") = "test_singleton", "test_singleton\test_singleton.vcxproj", "{B4B8F20B-1B3E-42CD-8B37-A734EF3CA279}"
EndProject
Global
	GlobalSection(SolutionConfigurationPlatforms) = preSolution
		Debug|x64 = Debug|x64
		Debug|x86 = Debug|x86
		Release|x64 = Release|x64
		Release|x86 = Release|x86
	EndGlobalSection
	GlobalSection(ProjectConfigurationPlatforms) = postSolution
		{155F525A-FA2F-471F-A2DF-9B77E7CCCFA5}.Debug|x64.ActiveCfg = Debug|x64
		{155F525A-FA2F-471F-A2DF-9B77E7CCCFA5}.Debug|x64.Build.0 = Debug|x64
		{155F525A-FA2F-471F-A2DF-9B77E7CCCFA5}.Debug|x86.ActiveCfg = Debug|Win32
		{155F525A-FA2F-471F-A2DF-9B77E7CCCFA5}.Debug|x86.Build.0 = Debug|Win32
		{155F525A-FA2F-471F-A2DF-9B77E7CCCFA5}.Release|x64.ActiveCfg = Release|x64
		{155F525A-FA2F-471F-A2DF-9B77E7CCCFA5}.Release|x64.Build.0 = Release|x64
		{155F525A-FA2F-471F-A2DF-9B77E7CCCFA5}.Release|x86.ActiveCfg = Release|Win32
		{155F525A-FA2F-471F-A2DF-9B77E7CCCFA5}.Release|x86.Build.0 = Release|Win32
		{1E6D1113-2EDE-4E7E-BF17-A3663101C3AE}.Debug|x64.ActiveCfg = Debug|x64
		{1E6D1113-2EDE-4E7E-BF17-A3663101C3AE}.Debug|x64.Build.0 = Debug|x64
		{1E6D1113-2EDE-4E7E-BF17-A3663101C3AE}.Debug|x86.ActiveCfg = Debug|Win32
		{1E6D1113-2EDE-4E7E-BF17-A3663101C3AE}.Debug|x86.Build.0 = Debug|Win32
		{1E6D1113-2EDE-4E7E-BF17-A3663101C3AE}.Release|x64.ActiveCfg = Release|x64
		{1E6D1113-2EDE-4E7E-BF17-A3663101C3AE}.Release|x64.Build.0 = Release|x64
		{1E6D1113-2EDE-4E7E-BF17-A3663101C3AE}.Release|x86.ActiveCfg = Release|Win32
		{1E6D1113-2EDE-4E7E-BF17-A3663101C3AE}.Release|x86.Build.0 = Release|Win32
		{CA7812A3-9E48-4A94-B39A-32EED587E38A}.Debug|x64.ActiveCfg = Debug|x64
		{CA7812A3-9E48-4A94-B39A-32EED587E38A}.Debug|x64.Build.0 = Debug|x64
		{CA7812A3-9E48-4A94-B39A-32EED587E38A}.Debug|x86.ActiveCfg = Debug|Win32
		{CA7812A3-9E48-4A94-B39A-32EED587E38A}.Debug|x86.Build.0 = Debug|Win32
		{CA7812A3-9E48-4A94-B39A-32EED587E38A}.Release|x64.ActiveCfg = Release|x64
		{CA7812A3-9E48-4A94-B39A-32EED587E38A}.Release|x64.Build.0 = Release|x64
		{CA7812A3-9E48-4A94-B39A-32EED587E38A}.Release|x86.ActiveCfg = Release|Win32
		{CA7812A3-9E48-4A94-B39A-32EED587E38A}.Release|x86.Build.0 = Release|Win32
		{A4B1CDB2-7325-4E22-AD0A-1D2907924CDB}.Debug|x64.ActiveCfg = Debug|x64
		{A4B1CDB2-7325-4E22-AD0A-1D2907924CDB}.Debug|x64.Build.0 = Debug|x64
		{A4B1CDB2-7325-4E22-AD0A-1D2907924CDB}.Debug|x86.ActiveCfg = Debug|Win32
		{A4B1CDB2-7325-4E22-AD0A-1D2907924CDB}.Debug|x86.Build.0 = Debug|Win32
		{A4B1CDB2-7325-4E22-AD0A-1D2907924CDB}.Release|x64.ActiveCfg = Release|x64
		{A4B1CDB2-7325-4E22-AD0A-1D2907924CDB}.Release|x64.Build.0 = Release|x64
		{A4B1CDB2-7325-4E22-AD0A-1D2907924CDB}.Release|x86.ActiveCfg = Release|Win32
		{A4B1CDB2-7325-4E22-AD0A-1D2907924CDB}.Release|x86.Build.0 = Release|Win32
		{B12702AD-ABFB-343A-A199-8E24837244A3}.Debug|x64.ActiveCfg = Debug|Win32
		{B12702AD-ABFB-343A-A199-8E24837244A3}.Debug|x86.ActiveCfg = Debug|Win32
		{B12702AD-ABFB-343A-A199-8E24837244A3}.Debug|x86.Build.0 = Debug|Win32
		{B12702AD-ABFB-343A-A199-8E24837244A3}.Release|x64.ActiveCfg = Release|Win32
		{B12702AD-ABFB-343A-A199-8E24837244A3}.Release|x86.ActiveCfg = Release|Win32
		{B12702AD-ABFB-343A-A199-8E24837244A3}.Release|x86.Build.0 = Release|Win32
		{8A39D7AF-50AF-43BD-8CC6-DA20B6349F03}.Debug|x64.ActiveCfg = Debug|x64
		{8A39D7AF-50AF-43BD-8CC6-DA20B6349F03}.Debug|x64.Build.0 = Debug|x64
		{8A39D7AF-50AF-43BD-8CC6-DA20B6349F03}.Debug|x86.ActiveCfg = Debug|Win32
		{8A39D7AF-50AF-43BD-8CC6-DA20B6349F03}.Debug|x86.Build.0 = Debug|Win32
		{8A39D7AF-50AF-43BD-8CC6-DA20B6349F03}.Release|x64.ActiveCfg = Release|x64
		{8A39D7AF-50AF-43BD-8CC6-DA20B6349F03}.Release|x64.Build.0 = Release|x64
		{8A39D7AF-50AF-43BD-8CC6-DA20B6349F03}.Release|x86.ActiveCfg = Release|Win32
		{8A39D7AF-50AF-43BD-8CC6-DA20B6349F03}.Release|x86.Build.0 = Release|Win32
		{372670F2-83A5-4058-B93C-BB0DCC1521ED}.Debug|x64.ActiveCfg = Debug|x64
		{372670F2-83A5-4058-B93C-BB0DCC1521ED}.Debug|x64.Build.0 = Debug|x64
		{372670F2-83A5-4058-B93C-BB0DCC1521ED}.Debug|x86.ActiveCfg = Debug|Win32
		{372670F2-83A5-4058-B93C-BB0DCC1521ED}.Debug|x86.Build.0 = Debug|Win32
		{372670F2-83A5-4058-B93C-BB0DCC1521ED}.Release|x64.ActiveCfg = Release|x64
		{372670F2-83A5-4058-B93C-BB0DCC1521ED}.Release|x64.Build.0 = Release|x64
		{372670F2-83A5-4058-B93C-BB0DCC1521ED}.Release|x86.ActiveCfg = Release|Win32
		{372670F2-83A5-4058-B93C-BB0DCC1521ED}.Release|x86.Build.0 = Release|Win32
		{B4B8F20B-1B3E-42CD-8B37-A734EF3CA279}.Debug|x64.ActiveCfg = Debug|x64
		{B4B8F20B-1B3E-42CD-8B37-A734EF3CA279}.Debug|x64.Build.0 = Debug|x64
		{B4B8F20B-1B3E-42CD-8B37-A734EF3CA279}.Debug|x86.ActiveCfg = Debug|Win32
		{B4B8F20B-1B3E-42CD-8B37-A734EF3CA279}.Debug|x86.Build.0 = Debug|Win32
		{B4B8F20B-1B3E-42CD-8B37-A734EF3CA279}.Release|x64.ActiveCfg = Release|x64
		{B4B8F20B-1B3E-42CD-8B37-A734EF3CA279}.Release|x64.Build.0 = Release|x64
		{B4B8F20B-1B3E-42CD-8B37-A734EF3CA279}.Release|x86.ActiveCfg = Release|Win32
		{B4B8F20B-1B3E-42CD-8B37-A734EF3CA279}.Release|x86.Build.0 = Release|Win32
	EndGlobalSection
	GlobalSection(SolutionProperties) = preSolution
		HideSolutionNode = FALSE
	EndGlobalSection
	GlobalSection(NestedProjects) = preSolution
		{5A2CA1BE-5A4B-41B0-B74A-F86AB433F4A5} = {42703978-A988-403D-9723-E35527FA8A07}
		{608A105E-40DB-44FD-8FC2-A66AB921688D} = {42703978-A988-403D-9723-E35527FA8A07}
	EndGlobalSection
	GlobalSection(ExtensibilityGlobals) = postSolution
		SolutionGuid = {A8EBEA58-739C-4DED-99C0-239779F57D5D}
	EndGlobalSection
EndGlobal
