
Microsoft Visual Studio Solution File, Format Version 12.00
# Visual Studio Version 16
VisualStudioVersion = 16.0.29209.62
MinimumVisualStudioVersion = 10.0.40219.1
Project("{8BC9CEB8-8B4A-11D0-8D11-00A0C91BC942}") = "test", "test\test.vcxproj", "{155F525A-FA2F-471F-A2DF-9B77E7CCCFA5}"
EndProject
Project("{8BC9CEB8-8B4A-11D0-8D11-00A0C91BC942}") = "test_json", "test_json\test_json.vcxproj", "{8A39D7AF-50AF-43BD-8CC6-DA20B6349F03}"
EndProject
Project("{8BC9CEB8-8B4A-11D0-8D11-00A0C91BC942}") = "test_timestamp", "test_timestamp\test_timestamp.vcxproj", "{372670F2-83A5-4058-B93C-BB0DCC1521ED}"
EndProject
Project("{2150E333-8FDC-42A3-9474-1A3956D46DE8}") = "jlib", "jlib", "{42703978-A988-403D-9723-E35527FA8A07}"
	ProjectSection(SolutionItems) = preProject
		..\jlib\dp.h = ..\jlib\dp.h
		..\jlib\log.h = ..\jlib\log.h
		..\jlib\log2.h = ..\jlib\log2.h
		..\jlib\log2auto.h = ..\jlib\log2auto.h
		..\jlib\log2micros.h = ..\jlib\log2micros.h
		..\jlib\net.h = ..\jlib\net.h
		..\jlib\utf8.h = ..\jlib\utf8.h
	EndProjectSection
EndProject
Project("{2150E333-8FDC-42A3-9474-1A3956D46DE8}") = "3rdparty", "3rdparty", "{5A2CA1BE-5A4B-41B0-B74A-F86AB433F4A5}"
EndProject
Project("{2150E333-8FDC-42A3-9474-1A3956D46DE8}") = "base", "base", "{608A105E-40DB-44FD-8FC2-A66AB921688D}"
	ProjectSection(SolutionItems) = preProject
		..\jlib\base\cast.h = ..\jlib\base\cast.h
		..\jlib\base\config.h = ..\jlib\base\config.h
		..\jlib\base\copyable.h = ..\jlib\base\copyable.h
		..\jlib\base\countdownlatch.h = ..\jlib\base\countdownlatch.h
		..\jlib\base\currentthread.h = ..\jlib\base\currentthread.h
		..\jlib\base\date.h = ..\jlib\base\date.h
		..\jlib\base\fileutil.h = ..\jlib\base\fileutil.h
		..\jlib\base\logfile.h = ..\jlib\base\logfile.h
		..\jlib\base\logging.h = ..\jlib\base\logging.h
		..\jlib\base\logstream.h = ..\jlib\base\logstream.h
		..\jlib\base\noncopyable.h = ..\jlib\base\noncopyable.h
		..\jlib\base\process.h = ..\jlib\base\process.h
		..\jlib\base\singleton.h = ..\jlib\base\singleton.h
		..\jlib\base\stringpiece.h = ..\jlib\base\stringpiece.h
		..\jlib\base\thread.h = ..\jlib\base\thread.h
		..\jlib\base\threadpool.h = ..\jlib\base\threadpool.h
		..\jlib\base\time.h = ..\jlib\base\time.h
		..\jlib\base\timestamp.h = ..\jlib\base\timestamp.h
		..\jlib\base\timezone.h = ..\jlib\base\timezone.h
	EndProjectSection
EndProject
Project("{8BC9CEB8-8B4A-11D0-8D11-00A0C91BC942}") = "test_singleton", "test_singleton\test_singleton.vcxproj", "{B4B8F20B-1B3E-42CD-8B37-A734EF3CA279}"
EndProject
Project("{8BC9CEB8-8B4A-11D0-8D11-00A0C91BC942}") = "test_logging", "test_logging\test_logging.vcxproj", "{3E322E9F-E560-4300-AFF8-1DCE44E7DDA2}"
EndProject
Project("{8BC9CEB8-8B4A-11D0-8D11-00A0C91BC942}") = "test_timezone", "test_timezone\test_timezone.vcxproj", "{8A9333D5-2981-4E92-87BF-AFFC5F99B1A4}"
EndProject
Project("{2150E333-8FDC-42A3-9474-1A3956D46DE8}") = "win32", "win32", "{B5D9E71E-2BFE-4D04-A66A-4CB0A103CD77}"
	ProjectSection(SolutionItems) = preProject
		..\jlib\win32\clipboard.h = ..\jlib\win32\clipboard.h
		..\jlib\win32\deviceuniqueidentifier.h = ..\jlib\win32\deviceuniqueidentifier.h
		..\jlib\win32\file_op.h = ..\jlib\win32\file_op.h
		..\jlib\win32\memory_micros.h = ..\jlib\win32\memory_micros.h
		..\jlib\win32\monitor.h = ..\jlib\win32\monitor.h
		..\jlib\win32\MyWSAError.h = ..\jlib\win32\MyWSAError.h
		..\jlib\win32\odbccp32.lib = ..\jlib\win32\odbccp32.lib
		..\jlib\win32\path_helper.h = ..\jlib\win32\path_helper.h
		..\jlib\win32\path_op.h = ..\jlib\win32\path_op.h
		..\jlib\win32\process.h = ..\jlib\win32\process.h
		..\jlib\win32\rect.h = ..\jlib\win32\rect.h
		..\jlib\win32\registry.h = ..\jlib\win32\registry.h
		..\jlib\win32\resolve.h = ..\jlib\win32\resolve.h
		..\jlib\win32\UnicodeTool.h = ..\jlib\win32\UnicodeTool.h
		..\jlib\win32\window.h = ..\jlib\win32\window.h
		..\jlib\win32\wmi.h = ..\jlib\win32\wmi.h
	EndProjectSection
EndProject
Project("{2150E333-8FDC-42A3-9474-1A3956D46DE8}") = "mfc", "mfc", "{9A3F45EB-C57C-4789-8177-0DEFCC5AFD0E}"
	ProjectSection(SolutionItems) = preProject
		..\jlib\win32\mfc\FileOper.h = ..\jlib\win32\mfc\FileOper.h
	EndProjectSection
EndProject
Project("{2150E333-8FDC-42A3-9474-1A3956D46DE8}") = "tests", "tests", "{21DC893D-AB0B-48E1-9E23-069A025218D9}"
EndProject
Project("{2150E333-8FDC-42A3-9474-1A3956D46DE8}") = "win32_tests", "win32_tests", "{0E6598D3-602D-4552-97F7-DC5AB458D553}"
EndProject
Project("{8BC9CEB8-8B4A-11D0-8D11-00A0C91BC942}") = "test_registry", "test_registry\test_registry.vcxproj", "{519E5179-6E95-44EF-A63B-65C9C9C47A3B}"
EndProject
Project("{2150E333-8FDC-42A3-9474-1A3956D46DE8}") = "net", "net", "{FEAECF59-4F31-4E6E-A28A-8DD0D8DEEB58}"
	ProjectSection(SolutionItems) = preProject
		..\jlib\net\icmp_header.hpp = ..\jlib\net\icmp_header.hpp
		..\jlib\net\ipv4_header.hpp = ..\jlib\net\ipv4_header.hpp
		..\jlib\net\ping.h = ..\jlib\net\ping.h
		..\jlib\net\resolve_fastest_ip.h = ..\jlib\net\resolve_fastest_ip.h
		..\jlib\net\simple_libevent_client.cpp = ..\jlib\net\simple_libevent_client.cpp
		..\jlib\net\simple_libevent_client.h = ..\jlib\net\simple_libevent_client.h
		..\jlib\net\simple_libevent_clients.cpp = ..\jlib\net\simple_libevent_clients.cpp
		..\jlib\net\simple_libevent_clients.h = ..\jlib\net\simple_libevent_clients.h
		..\jlib\net\simple_libevent_micros.h = ..\jlib\net\simple_libevent_micros.h
		..\jlib\net\simple_libevent_server.cpp = ..\jlib\net\simple_libevent_server.cpp
		..\jlib\net\simple_libevent_server.h = ..\jlib\net\simple_libevent_server.h
	EndProjectSection
EndProject
Project("{2150E333-8FDC-42A3-9474-1A3956D46DE8}") = "util", "util", "{E13021FA-C9A3-4627-B7EF-16E97B7E2E14}"
	ProjectSection(SolutionItems) = preProject
		..\jlib\util\chrono_wrapper.h = ..\jlib\util\chrono_wrapper.h
		..\jlib\util\curl_wrapper.h = ..\jlib\util\curl_wrapper.h
		..\jlib\util\jsoncpp_helper.h = ..\jlib\util\jsoncpp_helper.h
		..\jlib\util\mem_tool.h = ..\jlib\util\mem_tool.h
		..\jlib\util\micro_getter_setter.h = ..\jlib\util\micro_getter_setter.h
		..\jlib\util\rand.h = ..\jlib\util\rand.h
		..\jlib\util\space.h = ..\jlib\util\space.h
		..\jlib\util\std_util.h = ..\jlib\util\std_util.h
		..\jlib\util\str_util.h = ..\jlib\util\str_util.h
		..\jlib\util\version.h = ..\jlib\util\version.h
	EndProjectSection
EndProject
Project("{2150E333-8FDC-42A3-9474-1A3956D46DE8}") = "dp", "dp", "{8D9BBE8F-28BE-481B-A27F-A87526A78C67}"
	ProjectSection(SolutionItems) = preProject
		..\jlib\dp\observer.h = ..\jlib\dp\observer.h
		..\jlib\dp\singleton.h = ..\jlib\dp\singleton.h
	EndProjectSection
EndProject
Project("{2150E333-8FDC-42A3-9474-1A3956D46DE8}") = "spdlog", "spdlog", "{16CFC30A-57FA-4CCA-94FE-B2217B626454}"
	ProjectSection(SolutionItems) = preProject
		..\jlib\3rdparty\spdlog\async_logger.h = ..\jlib\3rdparty\spdlog\async_logger.h
		..\jlib\3rdparty\spdlog\common.h = ..\jlib\3rdparty\spdlog\common.h
		..\jlib\3rdparty\spdlog\formatter.h = ..\jlib\3rdparty\spdlog\formatter.h
		..\jlib\3rdparty\spdlog\logger.h = ..\jlib\3rdparty\spdlog\logger.h
		..\jlib\3rdparty\spdlog\spdlog.h = ..\jlib\3rdparty\spdlog\spdlog.h
		..\jlib\3rdparty\spdlog\tweakme.h = ..\jlib\3rdparty\spdlog\tweakme.h
	EndProjectSection
EndProject
Project("{2150E333-8FDC-42A3-9474-1A3956D46DE8}") = "details", "details", "{0E7B820E-22E6-4F30-B0E1-F1CEE55C114F}"
	ProjectSection(SolutionItems) = preProject
		..\jlib\3rdparty\spdlog\details\async_log_helper.h = ..\jlib\3rdparty\spdlog\details\async_log_helper.h
		..\jlib\3rdparty\spdlog\details\async_logger_impl.h = ..\jlib\3rdparty\spdlog\details\async_logger_impl.h
		..\jlib\3rdparty\spdlog\details\file_helper.h = ..\jlib\3rdparty\spdlog\details\file_helper.h
		..\jlib\3rdparty\spdlog\details\log_msg.h = ..\jlib\3rdparty\spdlog\details\log_msg.h
		..\jlib\3rdparty\spdlog\details\logger_impl.h = ..\jlib\3rdparty\spdlog\details\logger_impl.h
		..\jlib\3rdparty\spdlog\details\mpmc_bounded_q.h = ..\jlib\3rdparty\spdlog\details\mpmc_bounded_q.h
		..\jlib\3rdparty\spdlog\details\null_mutex.h = ..\jlib\3rdparty\spdlog\details\null_mutex.h
		..\jlib\3rdparty\spdlog\details\os.h = ..\jlib\3rdparty\spdlog\details\os.h
		..\jlib\3rdparty\spdlog\details\pattern_formatter_impl.h = ..\jlib\3rdparty\spdlog\details\pattern_formatter_impl.h
		..\jlib\3rdparty\spdlog\details\registry.h = ..\jlib\3rdparty\spdlog\details\registry.h
		..\jlib\3rdparty\spdlog\details\spdlog_impl.h = ..\jlib\3rdparty\spdlog\details\spdlog_impl.h
	EndProjectSection
EndProject
Project("{2150E333-8FDC-42A3-9474-1A3956D46DE8}") = "fmt", "fmt", "{513FCA46-EB27-422D-8B65-BAB4AA594D43}"
	ProjectSection(SolutionItems) = preProject
		..\jlib\3rdparty\spdlog\fmt\fmt.h = ..\jlib\3rdparty\spdlog\fmt\fmt.h
		..\jlib\3rdparty\spdlog\fmt\ostr.h = ..\jlib\3rdparty\spdlog\fmt\ostr.h
	EndProjectSection
EndProject
Project("{2150E333-8FDC-42A3-9474-1A3956D46DE8}") = "sinks", "sinks", "{EB799714-86C1-4DB1-A199-D4E596B9E801}"
	ProjectSection(SolutionItems) = preProject
		..\jlib\3rdparty\spdlog\sinks\android_sink.h = ..\jlib\3rdparty\spdlog\sinks\android_sink.h
		..\jlib\3rdparty\spdlog\sinks\ansicolor_sink.h = ..\jlib\3rdparty\spdlog\sinks\ansicolor_sink.h
		..\jlib\3rdparty\spdlog\sinks\base_sink.h = ..\jlib\3rdparty\spdlog\sinks\base_sink.h
		..\jlib\3rdparty\spdlog\sinks\dist_sink.h = ..\jlib\3rdparty\spdlog\sinks\dist_sink.h
		..\jlib\3rdparty\spdlog\sinks\file_sinks.h = ..\jlib\3rdparty\spdlog\sinks\file_sinks.h
		..\jlib\3rdparty\spdlog\sinks\msvc_sink.h = ..\jlib\3rdparty\spdlog\sinks\msvc_sink.h
		..\jlib\3rdparty\spdlog\sinks\null_sink.h = ..\jlib\3rdparty\spdlog\sinks\null_sink.h
		..\jlib\3rdparty\spdlog\sinks\ostream_sink.h = ..\jlib\3rdparty\spdlog\sinks\ostream_sink.h
		..\jlib\3rdparty\spdlog\sinks\sink.h = ..\jlib\3rdparty\spdlog\sinks\sink.h
		..\jlib\3rdparty\spdlog\sinks\stdout_sinks.h = ..\jlib\3rdparty\spdlog\sinks\stdout_sinks.h
		..\jlib\3rdparty\spdlog\sinks\syslog_sink.h = ..\jlib\3rdparty\spdlog\sinks\syslog_sink.h
		..\jlib\3rdparty\spdlog\sinks\wincolor_sink.h = ..\jlib\3rdparty\spdlog\sinks\wincolor_sink.h
	EndProjectSection
EndProject
Project("{2150E333-8FDC-42A3-9474-1A3956D46DE8}") = "bundled", "bundled", "{823DD7B5-4815-4132-8D28-A5AFBC70DF45}"
	ProjectSection(SolutionItems) = preProject
		..\jlib\3rdparty\spdlog\fmt\bundled\format.cc = ..\jlib\3rdparty\spdlog\fmt\bundled\format.cc
		..\jlib\3rdparty\spdlog\fmt\bundled\format.h = ..\jlib\3rdparty\spdlog\fmt\bundled\format.h
		..\jlib\3rdparty\spdlog\fmt\bundled\ostream.cc = ..\jlib\3rdparty\spdlog\fmt\bundled\ostream.cc
		..\jlib\3rdparty\spdlog\fmt\bundled\ostream.h = ..\jlib\3rdparty\spdlog\fmt\bundled\ostream.h
		..\jlib\3rdparty\spdlog\fmt\bundled\posix.cc = ..\jlib\3rdparty\spdlog\fmt\bundled\posix.cc
		..\jlib\3rdparty\spdlog\fmt\bundled\posix.h = ..\jlib\3rdparty\spdlog\fmt\bundled\posix.h
		..\jlib\3rdparty\spdlog\fmt\bundled\time.h = ..\jlib\3rdparty\spdlog\fmt\bundled\time.h
	EndProjectSection
EndProject
Project("{2150E333-8FDC-42A3-9474-1A3956D46DE8}") = "utf8", "utf8", "{41E61D5E-42D7-4EEA-A6B5-3D13DB455848}"
	ProjectSection(SolutionItems) = preProject
		..\jlib\3rdparty\utf8\checked.h = ..\jlib\3rdparty\utf8\checked.h
		..\jlib\3rdparty\utf8\core.h = ..\jlib\3rdparty\utf8\core.h
		..\jlib\3rdparty\utf8\unchecked.h = ..\jlib\3rdparty\utf8\unchecked.h
	EndProjectSection
EndProject
Project("{2150E333-8FDC-42A3-9474-1A3956D46DE8}") = "curl", "curl", "{F441BB78-6FE1-4FCB-80C3-9FC5F8131996}"
	ProjectSection(SolutionItems) = preProject
		..\jlib\3rdparty\curl\curl.h = ..\jlib\3rdparty\curl\curl.h
		..\jlib\3rdparty\curl\curlver.h = ..\jlib\3rdparty\curl\curlver.h
		..\jlib\3rdparty\curl\easy.h = ..\jlib\3rdparty\curl\easy.h
		..\jlib\3rdparty\curl\libcurl.dll = ..\jlib\3rdparty\curl\libcurl.dll
		..\jlib\3rdparty\curl\libcurldll.a = ..\jlib\3rdparty\curl\libcurldll.a
		..\jlib\3rdparty\curl\mprintf.h = ..\jlib\3rdparty\curl\mprintf.h
		..\jlib\3rdparty\curl\multi.h = ..\jlib\3rdparty\curl\multi.h
		..\jlib\3rdparty\curl\stdcheaders.h = ..\jlib\3rdparty\curl\stdcheaders.h
		..\jlib\3rdparty\curl\system.h = ..\jlib\3rdparty\curl\system.h
		..\jlib\3rdparty\curl\typecheck-gcc.h = ..\jlib\3rdparty\curl\typecheck-gcc.h
	EndProjectSection
EndProject
Project("{8BC9CEB8-8B4A-11D0-8D11-00A0C91BC942}") = "test_curl_wrapper", "test_curl_wrapper\test_curl_wrapper.vcxproj", "{175611D7-9C38-4269-B0B4-66DE9555A8EB}"
EndProject
Project("{2150E333-8FDC-42A3-9474-1A3956D46DE8}") = "base_tests", "base_tests", "{D9BC4E5B-7E8F-4C86-BF15-CCB75CBC256F}"
EndProject
Project("{2150E333-8FDC-42A3-9474-1A3956D46DE8}") = "qt", "qt", "{F118E1C9-F461-4CAA-A0F1-75F5A5C8ADF3}"
	ProjectSection(SolutionItems) = preProject
		..\jlib\qt\ErrorCode.h = ..\jlib\qt\ErrorCode.h
		..\jlib\qt\monitor.h = ..\jlib\qt\monitor.h
		..\jlib\qt\QtDebug.h = ..\jlib\qt\QtDebug.h
		..\jlib\qt\QtDebugOutput.h = ..\jlib\qt\QtDebugOutput.h
		..\jlib\qt\QtPathHelper.h = ..\jlib\qt\QtPathHelper.h
		..\jlib\qt\QtStylesheet.h = ..\jlib\qt\QtStylesheet.h
		..\jlib\qt\QtUtils.h = ..\jlib\qt\QtUtils.h
		..\jlib\qt\signal_slot.h = ..\jlib\qt\signal_slot.h
	EndProjectSection
EndProject
Project("{2150E333-8FDC-42A3-9474-1A3956D46DE8}") = "Ctrl", "Ctrl", "{0E82BB61-0D27-42B4-8F11-98DB2A21C168}"
	ProjectSection(SolutionItems) = preProject
		..\jlib\qt\Ctrl\ThreadCtrl.h = ..\jlib\qt\Ctrl\ThreadCtrl.h
	EndProjectSection
EndProject
Project("{2150E333-8FDC-42A3-9474-1A3956D46DE8}") = "Model", "Model", "{42039C84-62EE-4F71-A4B9-E9DB2880357C}"
	ProjectSection(SolutionItems) = preProject
		..\jlib\qt\Model\ThreadModel.h = ..\jlib\qt\Model\ThreadModel.h
	EndProjectSection
EndProject
Project("{2150E333-8FDC-42A3-9474-1A3956D46DE8}") = "View", "View", "{16CAD8DD-EF99-4A38-B5AA-BF86FC7A07AB}"
	ProjectSection(SolutionItems) = preProject
		..\jlib\qt\View\BgColorBtn.h = ..\jlib\qt\View\BgColorBtn.h
		..\jlib\qt\View\HttpDlg.h = ..\jlib\qt\View\HttpDlg.h
		..\jlib\qt\View\HttpDlgErrorCode.h = ..\jlib\qt\View\HttpDlgErrorCode.h
		..\jlib\qt\View\IconBtn.h = ..\jlib\qt\View\IconBtn.h
		..\jlib\qt\View\LoadingView.h = ..\jlib\qt\View\LoadingView.h
		..\jlib\qt\View\PageTitle.h = ..\jlib\qt\View\PageTitle.h
		..\jlib\qt\View\RndButton.h = ..\jlib\qt\View\RndButton.h
	EndProjectSection
EndProject
Project("{8BC9CEB8-8B4A-11D0-8D11-00A0C91BC942}") = "test_clipboard", "test_clipboard\test_clipboard.vcxproj", "{904EC99B-A012-4134-AE6F-E21635FB602F}"
EndProject
Project("{8BC9CEB8-8B4A-11D0-8D11-00A0C91BC942}") = "test_wmi", "test_wmi\test_wmi.vcxproj", "{79A2C0A6-B8BB-406F-A732-C6300A611EC8}"
EndProject
Project("{8BC9CEB8-8B4A-11D0-8D11-00A0C91BC942}") = "testDeviceUniqueIdentifier", "testDeviceUniqueIdentifier\testDeviceUniqueIdentifier.vcxproj", "{CA7812A3-9E48-4A94-B39A-32EED587E38A}"
EndProject
Project("{2150E333-8FDC-42A3-9474-1A3956D46DE8}") = "util_tests", "util_tests", "{ABCB8CF8-5E82-4C47-A0FC-E82DF105DF99}"
EndProject
Project("{8BC9CEB8-8B4A-11D0-8D11-00A0C91BC942}") = "test_rand", "test_rand\test_rand.vcxproj", "{4AB0552E-F2D7-4FF0-B019-90D83847A25C}"
EndProject
Project("{8BC9CEB8-8B4A-11D0-8D11-00A0C91BC942}") = "hds", "hds\hds.vcxproj", "{42F7EE20-C9AC-49CE-9D92-479576295810}"
EndProject
Project("{8BC9CEB8-8B4A-11D0-8D11-00A0C91BC942}") = "test_file_op", "test_file_op\test_file_op.vcxproj", "{82EF7CB9-D551-43FC-A2A5-485C37C7895B}"
EndProject
Project("{8BC9CEB8-8B4A-11D0-8D11-00A0C91BC942}") = "test_path_op", "test_path_op\test_path_op.vcxproj", "{65C310A4-DAA5-4D94-91B3-848F4E5F5C17}"
EndProject
Project("{8BC9CEB8-8B4A-11D0-8D11-00A0C91BC942}") = "test_version", "test_version\test_version.vcxproj", "{704FF7EB-D633-4D0A-957B-01D908478D6D}"
EndProject
Project("{8BC9CEB8-8B4A-11D0-8D11-00A0C91BC942}") = "qt_test", "qt_test\qt_test.vcxproj", "{EAAE08F7-6CD8-4708-9FD4-ADD856CC6658}"
EndProject
Project("{8BC9CEB8-8B4A-11D0-8D11-00A0C91BC942}") = "test_ping", "test_ping\test_ping.vcxproj", "{26D2B628-713F-419A-B2E2-32BDFA803E3C}"
EndProject
Project("{8BC9CEB8-8B4A-11D0-8D11-00A0C91BC942}") = "test_date", "test_date\test_date.vcxproj", "{2252B5D4-2D13-4F02-8008-AB2E0D38A154}"
EndProject
Project("{8BC9CEB8-8B4A-11D0-8D11-00A0C91BC942}") = "test_logstream", "test_logstream\test_logstream.vcxproj", "{7DC0D84B-7F96-4BB9-9B8A-D86B7B031E61}"
EndProject
Project("{8BC9CEB8-8B4A-11D0-8D11-00A0C91BC942}") = "test_atomic", "test_atomic\test_atomic.vcxproj", "{58DA7AE8-9975-4F28-A1BF-44A7C01B6F7F}"
EndProject
Project("{8BC9CEB8-8B4A-11D0-8D11-00A0C91BC942}") = "logstream_unittest", "logstream_unittest\logstream_unittest.vcxproj", "{B8F4AB37-A049-443B-8B75-4D0C831B234B}"
EndProject
Project("{8BC9CEB8-8B4A-11D0-8D11-00A0C91BC942}") = "test_mutex", "test_mutex\test_mutex.vcxproj", "{F1EFC4C7-AF79-4A65-9FE1-7C5305DC2E6A}"
EndProject
Project("{8BC9CEB8-8B4A-11D0-8D11-00A0C91BC942}") = "test_threadpool", "test_threadpool\test_threadpool.vcxproj", "{96714588-A974-49B5-95BE-BF843FBFD260}"
EndProject
Project("{8BC9CEB8-8B4A-11D0-8D11-00A0C91BC942}") = "test_stdutil", "test_stdutil\test_stdutil.vcxproj", "{2457D30D-2DE9-4DF2-9047-CFA652E4F6CB}"
EndProject
Project("{8BC9CEB8-8B4A-11D0-8D11-00A0C91BC942}") = "test_logfile", "test_logfile\test_logfile.vcxproj", "{0CCBAB78-35DD-46FF-B369-AE4920BEA43A}"
EndProject
Project("{2150E333-8FDC-42A3-9474-1A3956D46DE8}") = "staticlib", "staticlib", "{729A65CE-3F07-4C2E-ACDC-F9EEC6477F2A}"
EndProject
Project("{8BC9CEB8-8B4A-11D0-8D11-00A0C91BC942}") = "qt", "..\jlib\qt\qt.vcxproj", "{B12702AD-ABFB-343A-A199-8E24837244A3}"
EndProject
Project("{2150E333-8FDC-42A3-9474-1A3956D46DE8}") = "Plugins", "Plugins", "{44FC9BE2-8C8B-4A84-9C3A-28DA3F6C2DC1}"
EndProject
Project("{8BC9CEB8-8B4A-11D0-8D11-00A0C91BC942}") = "barrulerplugin", "..\jlib\qt\Plugins\BarRuler\barrulerplugin.vcxproj", "{C1066CE5-C22E-3BC0-A99A-9E37E3DB9724}"
EndProject
Project("{8BC9CEB8-8B4A-11D0-8D11-00A0C91BC942}") = "test_path_helper_local", "test_path_helper_local\test_path_helper_local.vcxproj", "{5BAC792A-2FC6-4E53-8C0B-3267778F8981}"
EndProject
Project("{8BC9CEB8-8B4A-11D0-8D11-00A0C91BC942}") = "test_path_helper_local_without_bin", "test_path_helper_local_without_bin\test_path_helper_local_without_bin.vcxproj", "{2DABB64E-7965-40BA-A81A-8AFACF648AC8}"
EndProject
Project("{8BC9CEB8-8B4A-11D0-8D11-00A0C91BC942}") = "testPathHelperDataSeperated", "testPathHelperDataSeperated\testPathHelperDataSeperated.vcxproj", "{33173172-E8FB-403B-8D49-28F4E026C3BB}"
EndProject
Project("{8BC9CEB8-8B4A-11D0-8D11-00A0C91BC942}") = "testPathHelperDataSeperatedWithoutBin", "testPathHelperDataSeperatedWithoutBin\testPathHelperDataSeperatedWithoutBin.vcxproj", "{D11505A8-228C-4450-9674-08D993962615}"
EndProject
Project("{2150E333-8FDC-42A3-9474-1A3956D46DE8}") = "qt_tests", "qt_tests", "{5AFB3C82-FDEA-458C-9B56-E28A3F96F113}"
EndProject
Project("{8BC9CEB8-8B4A-11D0-8D11-00A0C91BC942}") = "testPathHelperLocal", "testPathHelperLocal\testPathHelperLocal.vcxproj", "{726DE046-6AF9-4138-B3C9-23B77822433A}"
EndProject
Project("{8BC9CEB8-8B4A-11D0-8D11-00A0C91BC942}") = "testPathHelperLocalWithoutBin", "testPathHelperLocalWithoutBin\testPathHelperLocalWithoutBin.vcxproj", "{72D8135A-48CF-464E-9B55-8991D2BA35EB}"
EndProject
Project("{8BC9CEB8-8B4A-11D0-8D11-00A0C91BC942}") = "testPathHelperDataSeperatedQt", "testPathHelperDataSeperatedQt\testPathHelperDataSeperatedQt.vcxproj", "{281CEC62-CE6E-4FD6-B186-AEF2BA926BF8}"
EndProject
Project("{8BC9CEB8-8B4A-11D0-8D11-00A0C91BC942}") = "testPathHelperDataSeperatedWithoutBinQt", "testPathHelperDataSeperatedWithoutBinQt\testPathHelperDataSeperatedWithoutBinQt.vcxproj", "{ECF057F3-AB01-4129-8C5C-E59DD4261770}"
EndProject
Project("{8BC9CEB8-8B4A-11D0-8D11-00A0C91BC942}") = "simple7zwrapper", "simple7zwrapper\simple7zwrapper.vcxproj", "{41C26D67-0174-41AC-850E-1F84181138E5}"
EndProject
Project("{8BC9CEB8-8B4A-11D0-8D11-00A0C91BC942}") = "test_strutil", "test_strutil\test_strutil.vcxproj", "{0C743CE7-E49C-47F8-BC53-13929EA5CDA3}"
EndProject
Project("{8BC9CEB8-8B4A-11D0-8D11-00A0C91BC942}") = "test_monitor", "test_monitor\test_monitor.vcxproj", "{5EA0AFE3-134D-4573-B8E7-ADEC802722DF}"
EndProject
Project("{2150E333-8FDC-42A3-9474-1A3956D46DE8}") = "net_tests", "net_tests", "{77DBD16D-112C-448D-BA6A-CE566A9331FC}"
EndProject
Project("{8BC9CEB8-8B4A-11D0-8D11-00A0C91BC942}") = "test_resolve_fastest_ip", "test_resolve_fastest_ip\test_resolve_fastest_ip.vcxproj", "{65F9D4DA-BC6C-486D-8966-6ACCE077639D}"
EndProject
Project("{8BC9CEB8-8B4A-11D0-8D11-00A0C91BC942}") = "test_process", "test_process\test_process.vcxproj", "{0F324C6A-D08E-4044-B606-E1F65DB4E68B}"
EndProject
Project("{8BC9CEB8-8B4A-11D0-8D11-00A0C91BC942}") = "test_process_qt", "test_process_qt\test_process_qt.vcxproj", "{E287BCBE-0CA5-4E3C-9F44-05F505A5A0AA}"
EndProject
Project("{8BC9CEB8-8B4A-11D0-8D11-00A0C91BC942}") = "test_unicode", "test_unicode\test_unicode.vcxproj", "{897084E2-D24A-4350-95E6-5A0C204192A1}"
EndProject
Project("{8BC9CEB8-8B4A-11D0-8D11-00A0C91BC942}") = "test_stdutil_linux", "test_stdutil_linux\test_stdutil_linux.vcxproj", "{C5D81D57-C53B-4571-9A42-9620C5BE7919}"
EndProject
Project("{8BC9CEB8-8B4A-11D0-8D11-00A0C91BC942}") = "simple_libevent_client", "simple_libevent_client\simple_libevent_client.vcxproj", "{721A954E-B907-41C9-A30A-33E17F2449EE}"
EndProject
Project("{8BC9CEB8-8B4A-11D0-8D11-00A0C91BC942}") = "simple_libevent_server", "simple_libevent_server\simple_libevent_server.vcxproj", "{C5A52A4B-AC5C-48FA-8356-2194170E674C}"
EndProject
Project("{8BC9CEB8-8B4A-11D0-8D11-00A0C91BC942}") = "test_client_and_server", "test_client_and_server\test_client_and_server.vcxproj", "{A795FC0D-F05B-4B49-9957-E4A07A32427F}"
EndProject
Project("{8BC9CEB8-8B4A-11D0-8D11-00A0C91BC942}") = "simple_libevent_clients", "simple_libevent_clients\simple_libevent_clients.vcxproj", "{67920EB2-4D8B-4B74-9EC0-A62DEF03635B}"
EndProject
Project("{8BC9CEB8-8B4A-11D0-8D11-00A0C91BC942}") = "simple_libevent_client_md", "simple_libevent_client_md\simple_libevent_client_md.vcxproj", "{206286CC-D1F8-4815-AA3A-7E8108ACED87}"
EndProject
Project("{8BC9CEB8-8B4A-11D0-8D11-00A0C91BC942}") = "simple_libevent_server_md", "simple_libevent_server_md\simple_libevent_server_md.vcxproj", "{09BC4A4A-0C52-4CB0-892A-EC6BFAC2DFB6}"
EndProject
Project("{8BC9CEB8-8B4A-11D0-8D11-00A0C91BC942}") = "test_color_printf", "test_color_printf\test_color_printf.vcxproj", "{8729B156-5936-49EE-97D6-072312774B99}"
EndProject
Project("{2150E333-8FDC-42A3-9474-1A3956D46DE8}") = "misc_tests", "misc_tests", "{2C706FD2-D417-43C4-B393-68B58A05E26B}"
EndProject
Project("{8BC9CEB8-8B4A-11D0-8D11-00A0C91BC942}") = "test_sudoku", "test_sudoku\test_sudoku.vcxproj", "{0948E69C-8D39-4C84-853F-9BEDAE74F1BB}"
EndProject
Global
	GlobalSection(SolutionConfigurationPlatforms) = preSolution
		Debug|ARM = Debug|ARM
		Debug|ARM64 = Debug|ARM64
		Debug|x64 = Debug|x64
		Debug|x86 = Debug|x86
		Release|ARM = Release|ARM
		Release|ARM64 = Release|ARM64
		Release|x64 = Release|x64
		Release|x86 = Release|x86
	EndGlobalSection
	GlobalSection(ProjectConfigurationPlatforms) = postSolution
		{155F525A-FA2F-471F-A2DF-9B77E7CCCFA5}.Debug|ARM.ActiveCfg = Debug|Win32
		{155F525A-FA2F-471F-A2DF-9B77E7CCCFA5}.Debug|ARM64.ActiveCfg = Debug|Win32
		{155F525A-FA2F-471F-A2DF-9B77E7CCCFA5}.Debug|x64.ActiveCfg = Debug|x64
		{155F525A-FA2F-471F-A2DF-9B77E7CCCFA5}.Debug|x64.Build.0 = Debug|x64
		{155F525A-FA2F-471F-A2DF-9B77E7CCCFA5}.Debug|x86.ActiveCfg = Debug|Win32
		{155F525A-FA2F-471F-A2DF-9B77E7CCCFA5}.Debug|x86.Build.0 = Debug|Win32
		{155F525A-FA2F-471F-A2DF-9B77E7CCCFA5}.Release|ARM.ActiveCfg = Release|Win32
		{155F525A-FA2F-471F-A2DF-9B77E7CCCFA5}.Release|ARM64.ActiveCfg = Release|Win32
		{155F525A-FA2F-471F-A2DF-9B77E7CCCFA5}.Release|x64.ActiveCfg = Release|x64
		{155F525A-FA2F-471F-A2DF-9B77E7CCCFA5}.Release|x64.Build.0 = Release|x64
		{155F525A-FA2F-471F-A2DF-9B77E7CCCFA5}.Release|x86.ActiveCfg = Release|Win32
		{155F525A-FA2F-471F-A2DF-9B77E7CCCFA5}.Release|x86.Build.0 = Release|Win32
		{8A39D7AF-50AF-43BD-8CC6-DA20B6349F03}.Debug|ARM.ActiveCfg = Debug|Win32
		{8A39D7AF-50AF-43BD-8CC6-DA20B6349F03}.Debug|ARM64.ActiveCfg = Debug|Win32
		{8A39D7AF-50AF-43BD-8CC6-DA20B6349F03}.Debug|x64.ActiveCfg = Debug|x64
		{8A39D7AF-50AF-43BD-8CC6-DA20B6349F03}.Debug|x64.Build.0 = Debug|x64
		{8A39D7AF-50AF-43BD-8CC6-DA20B6349F03}.Debug|x86.ActiveCfg = Debug|Win32
		{8A39D7AF-50AF-43BD-8CC6-DA20B6349F03}.Debug|x86.Build.0 = Debug|Win32
		{8A39D7AF-50AF-43BD-8CC6-DA20B6349F03}.Release|ARM.ActiveCfg = Release|Win32
		{8A39D7AF-50AF-43BD-8CC6-DA20B6349F03}.Release|ARM64.ActiveCfg = Release|Win32
		{8A39D7AF-50AF-43BD-8CC6-DA20B6349F03}.Release|x64.ActiveCfg = Release|x64
		{8A39D7AF-50AF-43BD-8CC6-DA20B6349F03}.Release|x64.Build.0 = Release|x64
		{8A39D7AF-50AF-43BD-8CC6-DA20B6349F03}.Release|x86.ActiveCfg = Release|Win32
		{8A39D7AF-50AF-43BD-8CC6-DA20B6349F03}.Release|x86.Build.0 = Release|Win32
		{372670F2-83A5-4058-B93C-BB0DCC1521ED}.Debug|ARM.ActiveCfg = Debug|Win32
		{372670F2-83A5-4058-B93C-BB0DCC1521ED}.Debug|ARM64.ActiveCfg = Debug|Win32
		{372670F2-83A5-4058-B93C-BB0DCC1521ED}.Debug|x64.ActiveCfg = Debug|x64
		{372670F2-83A5-4058-B93C-BB0DCC1521ED}.Debug|x64.Build.0 = Debug|x64
		{372670F2-83A5-4058-B93C-BB0DCC1521ED}.Debug|x86.ActiveCfg = Debug|Win32
		{372670F2-83A5-4058-B93C-BB0DCC1521ED}.Debug|x86.Build.0 = Debug|Win32
		{372670F2-83A5-4058-B93C-BB0DCC1521ED}.Release|ARM.ActiveCfg = Release|Win32
		{372670F2-83A5-4058-B93C-BB0DCC1521ED}.Release|ARM64.ActiveCfg = Release|Win32
		{372670F2-83A5-4058-B93C-BB0DCC1521ED}.Release|x64.ActiveCfg = Release|x64
		{372670F2-83A5-4058-B93C-BB0DCC1521ED}.Release|x64.Build.0 = Release|x64
		{372670F2-83A5-4058-B93C-BB0DCC1521ED}.Release|x86.ActiveCfg = Release|Win32
		{372670F2-83A5-4058-B93C-BB0DCC1521ED}.Release|x86.Build.0 = Release|Win32
		{B4B8F20B-1B3E-42CD-8B37-A734EF3CA279}.Debug|ARM.ActiveCfg = Debug|Win32
		{B4B8F20B-1B3E-42CD-8B37-A734EF3CA279}.Debug|ARM64.ActiveCfg = Debug|Win32
		{B4B8F20B-1B3E-42CD-8B37-A734EF3CA279}.Debug|x64.ActiveCfg = Debug|x64
		{B4B8F20B-1B3E-42CD-8B37-A734EF3CA279}.Debug|x64.Build.0 = Debug|x64
		{B4B8F20B-1B3E-42CD-8B37-A734EF3CA279}.Debug|x86.ActiveCfg = Debug|Win32
		{B4B8F20B-1B3E-42CD-8B37-A734EF3CA279}.Debug|x86.Build.0 = Debug|Win32
		{B4B8F20B-1B3E-42CD-8B37-A734EF3CA279}.Release|ARM.ActiveCfg = Release|Win32
		{B4B8F20B-1B3E-42CD-8B37-A734EF3CA279}.Release|ARM64.ActiveCfg = Release|Win32
		{B4B8F20B-1B3E-42CD-8B37-A734EF3CA279}.Release|x64.ActiveCfg = Release|x64
		{B4B8F20B-1B3E-42CD-8B37-A734EF3CA279}.Release|x64.Build.0 = Release|x64
		{B4B8F20B-1B3E-42CD-8B37-A734EF3CA279}.Release|x86.ActiveCfg = Release|Win32
		{B4B8F20B-1B3E-42CD-8B37-A734EF3CA279}.Release|x86.Build.0 = Release|Win32
		{3E322E9F-E560-4300-AFF8-1DCE44E7DDA2}.Debug|ARM.ActiveCfg = Debug|Win32
		{3E322E9F-E560-4300-AFF8-1DCE44E7DDA2}.Debug|ARM64.ActiveCfg = Debug|Win32
		{3E322E9F-E560-4300-AFF8-1DCE44E7DDA2}.Debug|x64.ActiveCfg = Debug|x64
		{3E322E9F-E560-4300-AFF8-1DCE44E7DDA2}.Debug|x64.Build.0 = Debug|x64
		{3E322E9F-E560-4300-AFF8-1DCE44E7DDA2}.Debug|x86.ActiveCfg = Debug|Win32
		{3E322E9F-E560-4300-AFF8-1DCE44E7DDA2}.Debug|x86.Build.0 = Debug|Win32
		{3E322E9F-E560-4300-AFF8-1DCE44E7DDA2}.Release|ARM.ActiveCfg = Release|Win32
		{3E322E9F-E560-4300-AFF8-1DCE44E7DDA2}.Release|ARM64.ActiveCfg = Release|Win32
		{3E322E9F-E560-4300-AFF8-1DCE44E7DDA2}.Release|x64.ActiveCfg = Release|x64
		{3E322E9F-E560-4300-AFF8-1DCE44E7DDA2}.Release|x64.Build.0 = Release|x64
		{3E322E9F-E560-4300-AFF8-1DCE44E7DDA2}.Release|x86.ActiveCfg = Release|Win32
		{3E322E9F-E560-4300-AFF8-1DCE44E7DDA2}.Release|x86.Build.0 = Release|Win32
		{8A9333D5-2981-4E92-87BF-AFFC5F99B1A4}.Debug|ARM.ActiveCfg = Debug|Win32
		{8A9333D5-2981-4E92-87BF-AFFC5F99B1A4}.Debug|ARM64.ActiveCfg = Debug|Win32
		{8A9333D5-2981-4E92-87BF-AFFC5F99B1A4}.Debug|x64.ActiveCfg = Debug|x64
		{8A9333D5-2981-4E92-87BF-AFFC5F99B1A4}.Debug|x64.Build.0 = Debug|x64
		{8A9333D5-2981-4E92-87BF-AFFC5F99B1A4}.Debug|x86.ActiveCfg = Debug|Win32
		{8A9333D5-2981-4E92-87BF-AFFC5F99B1A4}.Debug|x86.Build.0 = Debug|Win32
		{8A9333D5-2981-4E92-87BF-AFFC5F99B1A4}.Release|ARM.ActiveCfg = Release|Win32
		{8A9333D5-2981-4E92-87BF-AFFC5F99B1A4}.Release|ARM64.ActiveCfg = Release|Win32
		{8A9333D5-2981-4E92-87BF-AFFC5F99B1A4}.Release|x64.ActiveCfg = Release|x64
		{8A9333D5-2981-4E92-87BF-AFFC5F99B1A4}.Release|x64.Build.0 = Release|x64
		{8A9333D5-2981-4E92-87BF-AFFC5F99B1A4}.Release|x86.ActiveCfg = Release|Win32
		{8A9333D5-2981-4E92-87BF-AFFC5F99B1A4}.Release|x86.Build.0 = Release|Win32
		{519E5179-6E95-44EF-A63B-65C9C9C47A3B}.Debug|ARM.ActiveCfg = Debug|Win32
		{519E5179-6E95-44EF-A63B-65C9C9C47A3B}.Debug|ARM64.ActiveCfg = Debug|Win32
		{519E5179-6E95-44EF-A63B-65C9C9C47A3B}.Debug|x64.ActiveCfg = Debug|x64
		{519E5179-6E95-44EF-A63B-65C9C9C47A3B}.Debug|x64.Build.0 = Debug|x64
		{519E5179-6E95-44EF-A63B-65C9C9C47A3B}.Debug|x86.ActiveCfg = Debug|Win32
		{519E5179-6E95-44EF-A63B-65C9C9C47A3B}.Debug|x86.Build.0 = Debug|Win32
		{519E5179-6E95-44EF-A63B-65C9C9C47A3B}.Release|ARM.ActiveCfg = Release|Win32
		{519E5179-6E95-44EF-A63B-65C9C9C47A3B}.Release|ARM64.ActiveCfg = Release|Win32
		{519E5179-6E95-44EF-A63B-65C9C9C47A3B}.Release|x64.ActiveCfg = Release|x64
		{519E5179-6E95-44EF-A63B-65C9C9C47A3B}.Release|x64.Build.0 = Release|x64
		{519E5179-6E95-44EF-A63B-65C9C9C47A3B}.Release|x86.ActiveCfg = Release|Win32
		{519E5179-6E95-44EF-A63B-65C9C9C47A3B}.Release|x86.Build.0 = Release|Win32
		{175611D7-9C38-4269-B0B4-66DE9555A8EB}.Debug|ARM.ActiveCfg = Debug|Win32
		{175611D7-9C38-4269-B0B4-66DE9555A8EB}.Debug|ARM64.ActiveCfg = Debug|Win32
		{175611D7-9C38-4269-B0B4-66DE9555A8EB}.Debug|x64.ActiveCfg = Debug|x64
		{175611D7-9C38-4269-B0B4-66DE9555A8EB}.Debug|x64.Build.0 = Debug|x64
		{175611D7-9C38-4269-B0B4-66DE9555A8EB}.Debug|x86.ActiveCfg = Debug|Win32
		{175611D7-9C38-4269-B0B4-66DE9555A8EB}.Debug|x86.Build.0 = Debug|Win32
		{175611D7-9C38-4269-B0B4-66DE9555A8EB}.Release|ARM.ActiveCfg = Release|Win32
		{175611D7-9C38-4269-B0B4-66DE9555A8EB}.Release|ARM64.ActiveCfg = Release|Win32
		{175611D7-9C38-4269-B0B4-66DE9555A8EB}.Release|x64.ActiveCfg = Release|x64
		{175611D7-9C38-4269-B0B4-66DE9555A8EB}.Release|x64.Build.0 = Release|x64
		{175611D7-9C38-4269-B0B4-66DE9555A8EB}.Release|x86.ActiveCfg = Release|Win32
		{175611D7-9C38-4269-B0B4-66DE9555A8EB}.Release|x86.Build.0 = Release|Win32
		{904EC99B-A012-4134-AE6F-E21635FB602F}.Debug|ARM.ActiveCfg = Debug|Win32
		{904EC99B-A012-4134-AE6F-E21635FB602F}.Debug|ARM64.ActiveCfg = Debug|Win32
		{904EC99B-A012-4134-AE6F-E21635FB602F}.Debug|x64.ActiveCfg = Debug|x64
		{904EC99B-A012-4134-AE6F-E21635FB602F}.Debug|x64.Build.0 = Debug|x64
		{904EC99B-A012-4134-AE6F-E21635FB602F}.Debug|x86.ActiveCfg = Debug|Win32
		{904EC99B-A012-4134-AE6F-E21635FB602F}.Debug|x86.Build.0 = Debug|Win32
		{904EC99B-A012-4134-AE6F-E21635FB602F}.Release|ARM.ActiveCfg = Release|Win32
		{904EC99B-A012-4134-AE6F-E21635FB602F}.Release|ARM64.ActiveCfg = Release|Win32
		{904EC99B-A012-4134-AE6F-E21635FB602F}.Release|x64.ActiveCfg = Release|x64
		{904EC99B-A012-4134-AE6F-E21635FB602F}.Release|x64.Build.0 = Release|x64
		{904EC99B-A012-4134-AE6F-E21635FB602F}.Release|x86.ActiveCfg = Release|Win32
		{904EC99B-A012-4134-AE6F-E21635FB602F}.Release|x86.Build.0 = Release|Win32
		{79A2C0A6-B8BB-406F-A732-C6300A611EC8}.Debug|ARM.ActiveCfg = Debug|Win32
		{79A2C0A6-B8BB-406F-A732-C6300A611EC8}.Debug|ARM64.ActiveCfg = Debug|Win32
		{79A2C0A6-B8BB-406F-A732-C6300A611EC8}.Debug|x64.ActiveCfg = Debug|x64
		{79A2C0A6-B8BB-406F-A732-C6300A611EC8}.Debug|x64.Build.0 = Debug|x64
		{79A2C0A6-B8BB-406F-A732-C6300A611EC8}.Debug|x86.ActiveCfg = Debug|Win32
		{79A2C0A6-B8BB-406F-A732-C6300A611EC8}.Debug|x86.Build.0 = Debug|Win32
		{79A2C0A6-B8BB-406F-A732-C6300A611EC8}.Release|ARM.ActiveCfg = Release|Win32
		{79A2C0A6-B8BB-406F-A732-C6300A611EC8}.Release|ARM64.ActiveCfg = Release|Win32
		{79A2C0A6-B8BB-406F-A732-C6300A611EC8}.Release|x64.ActiveCfg = Release|x64
		{79A2C0A6-B8BB-406F-A732-C6300A611EC8}.Release|x64.Build.0 = Release|x64
		{79A2C0A6-B8BB-406F-A732-C6300A611EC8}.Release|x86.ActiveCfg = Release|Win32
		{79A2C0A6-B8BB-406F-A732-C6300A611EC8}.Release|x86.Build.0 = Release|Win32
		{CA7812A3-9E48-4A94-B39A-32EED587E38A}.Debug|ARM.ActiveCfg = Debug|Win32
		{CA7812A3-9E48-4A94-B39A-32EED587E38A}.Debug|ARM64.ActiveCfg = Debug|Win32
		{CA7812A3-9E48-4A94-B39A-32EED587E38A}.Debug|x64.ActiveCfg = Debug|x64
		{CA7812A3-9E48-4A94-B39A-32EED587E38A}.Debug|x64.Build.0 = Debug|x64
		{CA7812A3-9E48-4A94-B39A-32EED587E38A}.Debug|x86.ActiveCfg = Debug|Win32
		{CA7812A3-9E48-4A94-B39A-32EED587E38A}.Debug|x86.Build.0 = Debug|Win32
		{CA7812A3-9E48-4A94-B39A-32EED587E38A}.Release|ARM.ActiveCfg = Release|Win32
		{CA7812A3-9E48-4A94-B39A-32EED587E38A}.Release|ARM64.ActiveCfg = Release|Win32
		{CA7812A3-9E48-4A94-B39A-32EED587E38A}.Release|x64.ActiveCfg = Release|x64
		{CA7812A3-9E48-4A94-B39A-32EED587E38A}.Release|x64.Build.0 = Release|x64
		{CA7812A3-9E48-4A94-B39A-32EED587E38A}.Release|x86.ActiveCfg = Release|Win32
		{CA7812A3-9E48-4A94-B39A-32EED587E38A}.Release|x86.Build.0 = Release|Win32
		{4AB0552E-F2D7-4FF0-B019-90D83847A25C}.Debug|ARM.ActiveCfg = Debug|Win32
		{4AB0552E-F2D7-4FF0-B019-90D83847A25C}.Debug|ARM64.ActiveCfg = Debug|Win32
		{4AB0552E-F2D7-4FF0-B019-90D83847A25C}.Debug|x64.ActiveCfg = Debug|x64
		{4AB0552E-F2D7-4FF0-B019-90D83847A25C}.Debug|x64.Build.0 = Debug|x64
		{4AB0552E-F2D7-4FF0-B019-90D83847A25C}.Debug|x86.ActiveCfg = Debug|Win32
		{4AB0552E-F2D7-4FF0-B019-90D83847A25C}.Debug|x86.Build.0 = Debug|Win32
		{4AB0552E-F2D7-4FF0-B019-90D83847A25C}.Release|ARM.ActiveCfg = Release|Win32
		{4AB0552E-F2D7-4FF0-B019-90D83847A25C}.Release|ARM64.ActiveCfg = Release|Win32
		{4AB0552E-F2D7-4FF0-B019-90D83847A25C}.Release|x64.ActiveCfg = Release|x64
		{4AB0552E-F2D7-4FF0-B019-90D83847A25C}.Release|x64.Build.0 = Release|x64
		{4AB0552E-F2D7-4FF0-B019-90D83847A25C}.Release|x86.ActiveCfg = Release|Win32
		{4AB0552E-F2D7-4FF0-B019-90D83847A25C}.Release|x86.Build.0 = Release|Win32
		{42F7EE20-C9AC-49CE-9D92-479576295810}.Debug|ARM.ActiveCfg = Debug|Win32
		{42F7EE20-C9AC-49CE-9D92-479576295810}.Debug|ARM64.ActiveCfg = Debug|Win32
		{42F7EE20-C9AC-49CE-9D92-479576295810}.Debug|x64.ActiveCfg = Debug|x64
		{42F7EE20-C9AC-49CE-9D92-479576295810}.Debug|x64.Build.0 = Debug|x64
		{42F7EE20-C9AC-49CE-9D92-479576295810}.Debug|x86.ActiveCfg = Debug|Win32
		{42F7EE20-C9AC-49CE-9D92-479576295810}.Debug|x86.Build.0 = Debug|Win32
		{42F7EE20-C9AC-49CE-9D92-479576295810}.Release|ARM.ActiveCfg = Release|Win32
		{42F7EE20-C9AC-49CE-9D92-479576295810}.Release|ARM64.ActiveCfg = Release|Win32
		{42F7EE20-C9AC-49CE-9D92-479576295810}.Release|x64.ActiveCfg = Release|x64
		{42F7EE20-C9AC-49CE-9D92-479576295810}.Release|x64.Build.0 = Release|x64
		{42F7EE20-C9AC-49CE-9D92-479576295810}.Release|x86.ActiveCfg = Release|Win32
		{42F7EE20-C9AC-49CE-9D92-479576295810}.Release|x86.Build.0 = Release|Win32
		{82EF7CB9-D551-43FC-A2A5-485C37C7895B}.Debug|ARM.ActiveCfg = Debug|Win32
		{82EF7CB9-D551-43FC-A2A5-485C37C7895B}.Debug|ARM64.ActiveCfg = Debug|Win32
		{82EF7CB9-D551-43FC-A2A5-485C37C7895B}.Debug|x64.ActiveCfg = Debug|x64
		{82EF7CB9-D551-43FC-A2A5-485C37C7895B}.Debug|x64.Build.0 = Debug|x64
		{82EF7CB9-D551-43FC-A2A5-485C37C7895B}.Debug|x86.ActiveCfg = Debug|Win32
		{82EF7CB9-D551-43FC-A2A5-485C37C7895B}.Debug|x86.Build.0 = Debug|Win32
		{82EF7CB9-D551-43FC-A2A5-485C37C7895B}.Release|ARM.ActiveCfg = Release|Win32
		{82EF7CB9-D551-43FC-A2A5-485C37C7895B}.Release|ARM64.ActiveCfg = Release|Win32
		{82EF7CB9-D551-43FC-A2A5-485C37C7895B}.Release|x64.ActiveCfg = Release|x64
		{82EF7CB9-D551-43FC-A2A5-485C37C7895B}.Release|x64.Build.0 = Release|x64
		{82EF7CB9-D551-43FC-A2A5-485C37C7895B}.Release|x86.ActiveCfg = Release|Win32
		{82EF7CB9-D551-43FC-A2A5-485C37C7895B}.Release|x86.Build.0 = Release|Win32
		{65C310A4-DAA5-4D94-91B3-848F4E5F5C17}.Debug|ARM.ActiveCfg = Debug|Win32
		{65C310A4-DAA5-4D94-91B3-848F4E5F5C17}.Debug|ARM64.ActiveCfg = Debug|Win32
		{65C310A4-DAA5-4D94-91B3-848F4E5F5C17}.Debug|x64.ActiveCfg = Debug|x64
		{65C310A4-DAA5-4D94-91B3-848F4E5F5C17}.Debug|x64.Build.0 = Debug|x64
		{65C310A4-DAA5-4D94-91B3-848F4E5F5C17}.Debug|x86.ActiveCfg = Debug|Win32
		{65C310A4-DAA5-4D94-91B3-848F4E5F5C17}.Debug|x86.Build.0 = Debug|Win32
		{65C310A4-DAA5-4D94-91B3-848F4E5F5C17}.Release|ARM.ActiveCfg = Release|Win32
		{65C310A4-DAA5-4D94-91B3-848F4E5F5C17}.Release|ARM64.ActiveCfg = Release|Win32
		{65C310A4-DAA5-4D94-91B3-848F4E5F5C17}.Release|x64.ActiveCfg = Release|x64
		{65C310A4-DAA5-4D94-91B3-848F4E5F5C17}.Release|x64.Build.0 = Release|x64
		{65C310A4-DAA5-4D94-91B3-848F4E5F5C17}.Release|x86.ActiveCfg = Release|Win32
		{65C310A4-DAA5-4D94-91B3-848F4E5F5C17}.Release|x86.Build.0 = Release|Win32
		{704FF7EB-D633-4D0A-957B-01D908478D6D}.Debug|ARM.ActiveCfg = Debug|Win32
		{704FF7EB-D633-4D0A-957B-01D908478D6D}.Debug|ARM64.ActiveCfg = Debug|Win32
		{704FF7EB-D633-4D0A-957B-01D908478D6D}.Debug|x64.ActiveCfg = Debug|x64
		{704FF7EB-D633-4D0A-957B-01D908478D6D}.Debug|x64.Build.0 = Debug|x64
		{704FF7EB-D633-4D0A-957B-01D908478D6D}.Debug|x86.ActiveCfg = Debug|Win32
		{704FF7EB-D633-4D0A-957B-01D908478D6D}.Debug|x86.Build.0 = Debug|Win32
		{704FF7EB-D633-4D0A-957B-01D908478D6D}.Release|ARM.ActiveCfg = Release|Win32
		{704FF7EB-D633-4D0A-957B-01D908478D6D}.Release|ARM64.ActiveCfg = Release|Win32
		{704FF7EB-D633-4D0A-957B-01D908478D6D}.Release|x64.ActiveCfg = Release|x64
		{704FF7EB-D633-4D0A-957B-01D908478D6D}.Release|x64.Build.0 = Release|x64
		{704FF7EB-D633-4D0A-957B-01D908478D6D}.Release|x86.ActiveCfg = Release|Win32
		{704FF7EB-D633-4D0A-957B-01D908478D6D}.Release|x86.Build.0 = Release|Win32
		{EAAE08F7-6CD8-4708-9FD4-ADD856CC6658}.Debug|ARM.ActiveCfg = Debug|Win32
		{EAAE08F7-6CD8-4708-9FD4-ADD856CC6658}.Debug|ARM64.ActiveCfg = Debug|Win32
		{EAAE08F7-6CD8-4708-9FD4-ADD856CC6658}.Debug|x64.ActiveCfg = Debug|Win32
		{EAAE08F7-6CD8-4708-9FD4-ADD856CC6658}.Debug|x86.ActiveCfg = Debug|Win32
		{EAAE08F7-6CD8-4708-9FD4-ADD856CC6658}.Debug|x86.Build.0 = Debug|Win32
		{EAAE08F7-6CD8-4708-9FD4-ADD856CC6658}.Release|ARM.ActiveCfg = Release|Win32
		{EAAE08F7-6CD8-4708-9FD4-ADD856CC6658}.Release|ARM64.ActiveCfg = Release|Win32
		{EAAE08F7-6CD8-4708-9FD4-ADD856CC6658}.Release|x64.ActiveCfg = Release|Win32
		{EAAE08F7-6CD8-4708-9FD4-ADD856CC6658}.Release|x86.ActiveCfg = Release|Win32
		{EAAE08F7-6CD8-4708-9FD4-ADD856CC6658}.Release|x86.Build.0 = Release|Win32
		{26D2B628-713F-419A-B2E2-32BDFA803E3C}.Debug|ARM.ActiveCfg = Debug|Win32
		{26D2B628-713F-419A-B2E2-32BDFA803E3C}.Debug|ARM64.ActiveCfg = Debug|Win32
		{26D2B628-713F-419A-B2E2-32BDFA803E3C}.Debug|x64.ActiveCfg = Debug|x64
		{26D2B628-713F-419A-B2E2-32BDFA803E3C}.Debug|x64.Build.0 = Debug|x64
		{26D2B628-713F-419A-B2E2-32BDFA803E3C}.Debug|x86.ActiveCfg = Debug|Win32
		{26D2B628-713F-419A-B2E2-32BDFA803E3C}.Debug|x86.Build.0 = Debug|Win32
		{26D2B628-713F-419A-B2E2-32BDFA803E3C}.Release|ARM.ActiveCfg = Release|Win32
		{26D2B628-713F-419A-B2E2-32BDFA803E3C}.Release|ARM64.ActiveCfg = Release|Win32
		{26D2B628-713F-419A-B2E2-32BDFA803E3C}.Release|x64.ActiveCfg = Release|x64
		{26D2B628-713F-419A-B2E2-32BDFA803E3C}.Release|x64.Build.0 = Release|x64
		{26D2B628-713F-419A-B2E2-32BDFA803E3C}.Release|x86.ActiveCfg = Release|Win32
		{26D2B628-713F-419A-B2E2-32BDFA803E3C}.Release|x86.Build.0 = Release|Win32
		{2252B5D4-2D13-4F02-8008-AB2E0D38A154}.Debug|ARM.ActiveCfg = Debug|Win32
		{2252B5D4-2D13-4F02-8008-AB2E0D38A154}.Debug|ARM64.ActiveCfg = Debug|Win32
		{2252B5D4-2D13-4F02-8008-AB2E0D38A154}.Debug|x64.ActiveCfg = Debug|x64
		{2252B5D4-2D13-4F02-8008-AB2E0D38A154}.Debug|x64.Build.0 = Debug|x64
		{2252B5D4-2D13-4F02-8008-AB2E0D38A154}.Debug|x86.ActiveCfg = Debug|Win32
		{2252B5D4-2D13-4F02-8008-AB2E0D38A154}.Debug|x86.Build.0 = Debug|Win32
		{2252B5D4-2D13-4F02-8008-AB2E0D38A154}.Release|ARM.ActiveCfg = Release|Win32
		{2252B5D4-2D13-4F02-8008-AB2E0D38A154}.Release|ARM64.ActiveCfg = Release|Win32
		{2252B5D4-2D13-4F02-8008-AB2E0D38A154}.Release|x64.ActiveCfg = Release|x64
		{2252B5D4-2D13-4F02-8008-AB2E0D38A154}.Release|x64.Build.0 = Release|x64
		{2252B5D4-2D13-4F02-8008-AB2E0D38A154}.Release|x86.ActiveCfg = Release|Win32
		{2252B5D4-2D13-4F02-8008-AB2E0D38A154}.Release|x86.Build.0 = Release|Win32
		{7DC0D84B-7F96-4BB9-9B8A-D86B7B031E61}.Debug|ARM.ActiveCfg = Debug|Win32
		{7DC0D84B-7F96-4BB9-9B8A-D86B7B031E61}.Debug|ARM64.ActiveCfg = Debug|Win32
		{7DC0D84B-7F96-4BB9-9B8A-D86B7B031E61}.Debug|x64.ActiveCfg = Debug|x64
		{7DC0D84B-7F96-4BB9-9B8A-D86B7B031E61}.Debug|x64.Build.0 = Debug|x64
		{7DC0D84B-7F96-4BB9-9B8A-D86B7B031E61}.Debug|x86.ActiveCfg = Debug|Win32
		{7DC0D84B-7F96-4BB9-9B8A-D86B7B031E61}.Debug|x86.Build.0 = Debug|Win32
		{7DC0D84B-7F96-4BB9-9B8A-D86B7B031E61}.Release|ARM.ActiveCfg = Release|Win32
		{7DC0D84B-7F96-4BB9-9B8A-D86B7B031E61}.Release|ARM64.ActiveCfg = Release|Win32
		{7DC0D84B-7F96-4BB9-9B8A-D86B7B031E61}.Release|x64.ActiveCfg = Release|x64
		{7DC0D84B-7F96-4BB9-9B8A-D86B7B031E61}.Release|x64.Build.0 = Release|x64
		{7DC0D84B-7F96-4BB9-9B8A-D86B7B031E61}.Release|x86.ActiveCfg = Release|Win32
		{7DC0D84B-7F96-4BB9-9B8A-D86B7B031E61}.Release|x86.Build.0 = Release|Win32
		{58DA7AE8-9975-4F28-A1BF-44A7C01B6F7F}.Debug|ARM.ActiveCfg = Debug|Win32
		{58DA7AE8-9975-4F28-A1BF-44A7C01B6F7F}.Debug|ARM64.ActiveCfg = Debug|Win32
		{58DA7AE8-9975-4F28-A1BF-44A7C01B6F7F}.Debug|x64.ActiveCfg = Debug|x64
		{58DA7AE8-9975-4F28-A1BF-44A7C01B6F7F}.Debug|x64.Build.0 = Debug|x64
		{58DA7AE8-9975-4F28-A1BF-44A7C01B6F7F}.Debug|x86.ActiveCfg = Debug|Win32
		{58DA7AE8-9975-4F28-A1BF-44A7C01B6F7F}.Debug|x86.Build.0 = Debug|Win32
		{58DA7AE8-9975-4F28-A1BF-44A7C01B6F7F}.Release|ARM.ActiveCfg = Release|Win32
		{58DA7AE8-9975-4F28-A1BF-44A7C01B6F7F}.Release|ARM64.ActiveCfg = Release|Win32
		{58DA7AE8-9975-4F28-A1BF-44A7C01B6F7F}.Release|x64.ActiveCfg = Release|x64
		{58DA7AE8-9975-4F28-A1BF-44A7C01B6F7F}.Release|x64.Build.0 = Release|x64
		{58DA7AE8-9975-4F28-A1BF-44A7C01B6F7F}.Release|x86.ActiveCfg = Release|Win32
		{58DA7AE8-9975-4F28-A1BF-44A7C01B6F7F}.Release|x86.Build.0 = Release|Win32
		{B8F4AB37-A049-443B-8B75-4D0C831B234B}.Debug|ARM.ActiveCfg = Debug|Win32
		{B8F4AB37-A049-443B-8B75-4D0C831B234B}.Debug|ARM64.ActiveCfg = Debug|Win32
		{B8F4AB37-A049-443B-8B75-4D0C831B234B}.Debug|x64.ActiveCfg = Debug|x64
		{B8F4AB37-A049-443B-8B75-4D0C831B234B}.Debug|x64.Build.0 = Debug|x64
		{B8F4AB37-A049-443B-8B75-4D0C831B234B}.Debug|x86.ActiveCfg = Debug|Win32
		{B8F4AB37-A049-443B-8B75-4D0C831B234B}.Debug|x86.Build.0 = Debug|Win32
		{B8F4AB37-A049-443B-8B75-4D0C831B234B}.Release|ARM.ActiveCfg = Release|Win32
		{B8F4AB37-A049-443B-8B75-4D0C831B234B}.Release|ARM64.ActiveCfg = Release|Win32
		{B8F4AB37-A049-443B-8B75-4D0C831B234B}.Release|x64.ActiveCfg = Release|x64
		{B8F4AB37-A049-443B-8B75-4D0C831B234B}.Release|x64.Build.0 = Release|x64
		{B8F4AB37-A049-443B-8B75-4D0C831B234B}.Release|x86.ActiveCfg = Release|Win32
		{B8F4AB37-A049-443B-8B75-4D0C831B234B}.Release|x86.Build.0 = Release|Win32
		{F1EFC4C7-AF79-4A65-9FE1-7C5305DC2E6A}.Debug|ARM.ActiveCfg = Debug|Win32
		{F1EFC4C7-AF79-4A65-9FE1-7C5305DC2E6A}.Debug|ARM64.ActiveCfg = Debug|Win32
		{F1EFC4C7-AF79-4A65-9FE1-7C5305DC2E6A}.Debug|x64.ActiveCfg = Debug|x64
		{F1EFC4C7-AF79-4A65-9FE1-7C5305DC2E6A}.Debug|x64.Build.0 = Debug|x64
		{F1EFC4C7-AF79-4A65-9FE1-7C5305DC2E6A}.Debug|x86.ActiveCfg = Debug|Win32
		{F1EFC4C7-AF79-4A65-9FE1-7C5305DC2E6A}.Debug|x86.Build.0 = Debug|Win32
		{F1EFC4C7-AF79-4A65-9FE1-7C5305DC2E6A}.Release|ARM.ActiveCfg = Release|Win32
		{F1EFC4C7-AF79-4A65-9FE1-7C5305DC2E6A}.Release|ARM64.ActiveCfg = Release|Win32
		{F1EFC4C7-AF79-4A65-9FE1-7C5305DC2E6A}.Release|x64.ActiveCfg = Release|x64
		{F1EFC4C7-AF79-4A65-9FE1-7C5305DC2E6A}.Release|x64.Build.0 = Release|x64
		{F1EFC4C7-AF79-4A65-9FE1-7C5305DC2E6A}.Release|x86.ActiveCfg = Release|Win32
		{F1EFC4C7-AF79-4A65-9FE1-7C5305DC2E6A}.Release|x86.Build.0 = Release|Win32
		{96714588-A974-49B5-95BE-BF843FBFD260}.Debug|ARM.ActiveCfg = Debug|Win32
		{96714588-A974-49B5-95BE-BF843FBFD260}.Debug|ARM64.ActiveCfg = Debug|Win32
		{96714588-A974-49B5-95BE-BF843FBFD260}.Debug|x64.ActiveCfg = Debug|x64
		{96714588-A974-49B5-95BE-BF843FBFD260}.Debug|x64.Build.0 = Debug|x64
		{96714588-A974-49B5-95BE-BF843FBFD260}.Debug|x86.ActiveCfg = Debug|Win32
		{96714588-A974-49B5-95BE-BF843FBFD260}.Debug|x86.Build.0 = Debug|Win32
		{96714588-A974-49B5-95BE-BF843FBFD260}.Release|ARM.ActiveCfg = Release|Win32
		{96714588-A974-49B5-95BE-BF843FBFD260}.Release|ARM64.ActiveCfg = Release|Win32
		{96714588-A974-49B5-95BE-BF843FBFD260}.Release|x64.ActiveCfg = Release|x64
		{96714588-A974-49B5-95BE-BF843FBFD260}.Release|x64.Build.0 = Release|x64
		{96714588-A974-49B5-95BE-BF843FBFD260}.Release|x86.ActiveCfg = Release|Win32
		{96714588-A974-49B5-95BE-BF843FBFD260}.Release|x86.Build.0 = Release|Win32
		{2457D30D-2DE9-4DF2-9047-CFA652E4F6CB}.Debug|ARM.ActiveCfg = Debug|Win32
		{2457D30D-2DE9-4DF2-9047-CFA652E4F6CB}.Debug|ARM64.ActiveCfg = Debug|Win32
		{2457D30D-2DE9-4DF2-9047-CFA652E4F6CB}.Debug|x64.ActiveCfg = Debug|x64
		{2457D30D-2DE9-4DF2-9047-CFA652E4F6CB}.Debug|x64.Build.0 = Debug|x64
		{2457D30D-2DE9-4DF2-9047-CFA652E4F6CB}.Debug|x86.ActiveCfg = Debug|Win32
		{2457D30D-2DE9-4DF2-9047-CFA652E4F6CB}.Debug|x86.Build.0 = Debug|Win32
		{2457D30D-2DE9-4DF2-9047-CFA652E4F6CB}.Release|ARM.ActiveCfg = Release|Win32
		{2457D30D-2DE9-4DF2-9047-CFA652E4F6CB}.Release|ARM64.ActiveCfg = Release|Win32
		{2457D30D-2DE9-4DF2-9047-CFA652E4F6CB}.Release|x64.ActiveCfg = Release|x64
		{2457D30D-2DE9-4DF2-9047-CFA652E4F6CB}.Release|x64.Build.0 = Release|x64
		{2457D30D-2DE9-4DF2-9047-CFA652E4F6CB}.Release|x86.ActiveCfg = Release|Win32
		{2457D30D-2DE9-4DF2-9047-CFA652E4F6CB}.Release|x86.Build.0 = Release|Win32
		{0CCBAB78-35DD-46FF-B369-AE4920BEA43A}.Debug|ARM.ActiveCfg = Debug|Win32
		{0CCBAB78-35DD-46FF-B369-AE4920BEA43A}.Debug|ARM64.ActiveCfg = Debug|Win32
		{0CCBAB78-35DD-46FF-B369-AE4920BEA43A}.Debug|x64.ActiveCfg = Debug|x64
		{0CCBAB78-35DD-46FF-B369-AE4920BEA43A}.Debug|x64.Build.0 = Debug|x64
		{0CCBAB78-35DD-46FF-B369-AE4920BEA43A}.Debug|x86.ActiveCfg = Debug|Win32
		{0CCBAB78-35DD-46FF-B369-AE4920BEA43A}.Debug|x86.Build.0 = Debug|Win32
		{0CCBAB78-35DD-46FF-B369-AE4920BEA43A}.Release|ARM.ActiveCfg = Release|Win32
		{0CCBAB78-35DD-46FF-B369-AE4920BEA43A}.Release|ARM64.ActiveCfg = Release|Win32
		{0CCBAB78-35DD-46FF-B369-AE4920BEA43A}.Release|x64.ActiveCfg = Release|x64
		{0CCBAB78-35DD-46FF-B369-AE4920BEA43A}.Release|x64.Build.0 = Release|x64
		{0CCBAB78-35DD-46FF-B369-AE4920BEA43A}.Release|x86.ActiveCfg = Release|Win32
		{0CCBAB78-35DD-46FF-B369-AE4920BEA43A}.Release|x86.Build.0 = Release|Win32
		{B12702AD-ABFB-343A-A199-8E24837244A3}.Debug|ARM.ActiveCfg = Debug|Win32
		{B12702AD-ABFB-343A-A199-8E24837244A3}.Debug|ARM64.ActiveCfg = Debug|Win32
		{B12702AD-ABFB-343A-A199-8E24837244A3}.Debug|x64.ActiveCfg = Debug|Win32
		{B12702AD-ABFB-343A-A199-8E24837244A3}.Debug|x86.ActiveCfg = Debug|Win32
		{B12702AD-ABFB-343A-A199-8E24837244A3}.Debug|x86.Build.0 = Debug|Win32
		{B12702AD-ABFB-343A-A199-8E24837244A3}.Release|ARM.ActiveCfg = Release|Win32
		{B12702AD-ABFB-343A-A199-8E24837244A3}.Release|ARM64.ActiveCfg = Release|Win32
		{B12702AD-ABFB-343A-A199-8E24837244A3}.Release|x64.ActiveCfg = Release|Win32
		{B12702AD-ABFB-343A-A199-8E24837244A3}.Release|x86.ActiveCfg = Release|Win32
		{B12702AD-ABFB-343A-A199-8E24837244A3}.Release|x86.Build.0 = Release|Win32
		{C1066CE5-C22E-3BC0-A99A-9E37E3DB9724}.Debug|ARM.ActiveCfg = Debug|Win32
		{C1066CE5-C22E-3BC0-A99A-9E37E3DB9724}.Debug|ARM64.ActiveCfg = Debug|Win32
		{C1066CE5-C22E-3BC0-A99A-9E37E3DB9724}.Debug|x64.ActiveCfg = Debug|Win32
		{C1066CE5-C22E-3BC0-A99A-9E37E3DB9724}.Debug|x86.ActiveCfg = Debug|Win32
		{C1066CE5-C22E-3BC0-A99A-9E37E3DB9724}.Debug|x86.Build.0 = Debug|Win32
		{C1066CE5-C22E-3BC0-A99A-9E37E3DB9724}.Release|ARM.ActiveCfg = Release|Win32
		{C1066CE5-C22E-3BC0-A99A-9E37E3DB9724}.Release|ARM64.ActiveCfg = Release|Win32
		{C1066CE5-C22E-3BC0-A99A-9E37E3DB9724}.Release|x64.ActiveCfg = Release|Win32
		{C1066CE5-C22E-3BC0-A99A-9E37E3DB9724}.Release|x86.ActiveCfg = Release|Win32
		{C1066CE5-C22E-3BC0-A99A-9E37E3DB9724}.Release|x86.Build.0 = Release|Win32
		{5BAC792A-2FC6-4E53-8C0B-3267778F8981}.Debug|ARM.ActiveCfg = Debug|Win32
		{5BAC792A-2FC6-4E53-8C0B-3267778F8981}.Debug|ARM64.ActiveCfg = Debug|Win32
		{5BAC792A-2FC6-4E53-8C0B-3267778F8981}.Debug|x64.ActiveCfg = Debug|x64
		{5BAC792A-2FC6-4E53-8C0B-3267778F8981}.Debug|x64.Build.0 = Debug|x64
		{5BAC792A-2FC6-4E53-8C0B-3267778F8981}.Debug|x86.ActiveCfg = Debug|Win32
		{5BAC792A-2FC6-4E53-8C0B-3267778F8981}.Debug|x86.Build.0 = Debug|Win32
		{5BAC792A-2FC6-4E53-8C0B-3267778F8981}.Release|ARM.ActiveCfg = Release|Win32
		{5BAC792A-2FC6-4E53-8C0B-3267778F8981}.Release|ARM64.ActiveCfg = Release|Win32
		{5BAC792A-2FC6-4E53-8C0B-3267778F8981}.Release|x64.ActiveCfg = Release|x64
		{5BAC792A-2FC6-4E53-8C0B-3267778F8981}.Release|x64.Build.0 = Release|x64
		{5BAC792A-2FC6-4E53-8C0B-3267778F8981}.Release|x86.ActiveCfg = Release|Win32
		{5BAC792A-2FC6-4E53-8C0B-3267778F8981}.Release|x86.Build.0 = Release|Win32
		{2DABB64E-7965-40BA-A81A-8AFACF648AC8}.Debug|ARM.ActiveCfg = Debug|Win32
		{2DABB64E-7965-40BA-A81A-8AFACF648AC8}.Debug|ARM64.ActiveCfg = Debug|Win32
		{2DABB64E-7965-40BA-A81A-8AFACF648AC8}.Debug|x64.ActiveCfg = Debug|x64
		{2DABB64E-7965-40BA-A81A-8AFACF648AC8}.Debug|x64.Build.0 = Debug|x64
		{2DABB64E-7965-40BA-A81A-8AFACF648AC8}.Debug|x86.ActiveCfg = Debug|Win32
		{2DABB64E-7965-40BA-A81A-8AFACF648AC8}.Debug|x86.Build.0 = Debug|Win32
		{2DABB64E-7965-40BA-A81A-8AFACF648AC8}.Release|ARM.ActiveCfg = Release|Win32
		{2DABB64E-7965-40BA-A81A-8AFACF648AC8}.Release|ARM64.ActiveCfg = Release|Win32
		{2DABB64E-7965-40BA-A81A-8AFACF648AC8}.Release|x64.ActiveCfg = Release|x64
		{2DABB64E-7965-40BA-A81A-8AFACF648AC8}.Release|x64.Build.0 = Release|x64
		{2DABB64E-7965-40BA-A81A-8AFACF648AC8}.Release|x86.ActiveCfg = Release|Win32
		{2DABB64E-7965-40BA-A81A-8AFACF648AC8}.Release|x86.Build.0 = Release|Win32
		{33173172-E8FB-403B-8D49-28F4E026C3BB}.Debug|ARM.ActiveCfg = Debug|Win32
		{33173172-E8FB-403B-8D49-28F4E026C3BB}.Debug|ARM64.ActiveCfg = Debug|Win32
		{33173172-E8FB-403B-8D49-28F4E026C3BB}.Debug|x64.ActiveCfg = Debug|x64
		{33173172-E8FB-403B-8D49-28F4E026C3BB}.Debug|x64.Build.0 = Debug|x64
		{33173172-E8FB-403B-8D49-28F4E026C3BB}.Debug|x86.ActiveCfg = Debug|Win32
		{33173172-E8FB-403B-8D49-28F4E026C3BB}.Debug|x86.Build.0 = Debug|Win32
		{33173172-E8FB-403B-8D49-28F4E026C3BB}.Release|ARM.ActiveCfg = Release|Win32
		{33173172-E8FB-403B-8D49-28F4E026C3BB}.Release|ARM64.ActiveCfg = Release|Win32
		{33173172-E8FB-403B-8D49-28F4E026C3BB}.Release|x64.ActiveCfg = Release|x64
		{33173172-E8FB-403B-8D49-28F4E026C3BB}.Release|x64.Build.0 = Release|x64
		{33173172-E8FB-403B-8D49-28F4E026C3BB}.Release|x86.ActiveCfg = Release|Win32
		{33173172-E8FB-403B-8D49-28F4E026C3BB}.Release|x86.Build.0 = Release|Win32
		{D11505A8-228C-4450-9674-08D993962615}.Debug|ARM.ActiveCfg = Debug|Win32
		{D11505A8-228C-4450-9674-08D993962615}.Debug|ARM64.ActiveCfg = Debug|Win32
		{D11505A8-228C-4450-9674-08D993962615}.Debug|x64.ActiveCfg = Debug|x64
		{D11505A8-228C-4450-9674-08D993962615}.Debug|x64.Build.0 = Debug|x64
		{D11505A8-228C-4450-9674-08D993962615}.Debug|x86.ActiveCfg = Debug|Win32
		{D11505A8-228C-4450-9674-08D993962615}.Debug|x86.Build.0 = Debug|Win32
		{D11505A8-228C-4450-9674-08D993962615}.Release|ARM.ActiveCfg = Release|Win32
		{D11505A8-228C-4450-9674-08D993962615}.Release|ARM64.ActiveCfg = Release|Win32
		{D11505A8-228C-4450-9674-08D993962615}.Release|x64.ActiveCfg = Release|x64
		{D11505A8-228C-4450-9674-08D993962615}.Release|x64.Build.0 = Release|x64
		{D11505A8-228C-4450-9674-08D993962615}.Release|x86.ActiveCfg = Release|Win32
		{D11505A8-228C-4450-9674-08D993962615}.Release|x86.Build.0 = Release|Win32
		{726DE046-6AF9-4138-B3C9-23B77822433A}.Debug|ARM.ActiveCfg = Debug|Win32
		{726DE046-6AF9-4138-B3C9-23B77822433A}.Debug|ARM64.ActiveCfg = Debug|Win32
		{726DE046-6AF9-4138-B3C9-23B77822433A}.Debug|x64.ActiveCfg = Debug|Win32
		{726DE046-6AF9-4138-B3C9-23B77822433A}.Debug|x86.ActiveCfg = Debug|Win32
		{726DE046-6AF9-4138-B3C9-23B77822433A}.Debug|x86.Build.0 = Debug|Win32
		{726DE046-6AF9-4138-B3C9-23B77822433A}.Release|ARM.ActiveCfg = Release|Win32
		{726DE046-6AF9-4138-B3C9-23B77822433A}.Release|ARM64.ActiveCfg = Release|Win32
		{726DE046-6AF9-4138-B3C9-23B77822433A}.Release|x64.ActiveCfg = Release|Win32
		{726DE046-6AF9-4138-B3C9-23B77822433A}.Release|x86.ActiveCfg = Release|Win32
		{726DE046-6AF9-4138-B3C9-23B77822433A}.Release|x86.Build.0 = Release|Win32
		{72D8135A-48CF-464E-9B55-8991D2BA35EB}.Debug|ARM.ActiveCfg = Debug|Win32
		{72D8135A-48CF-464E-9B55-8991D2BA35EB}.Debug|ARM64.ActiveCfg = Debug|Win32
		{72D8135A-48CF-464E-9B55-8991D2BA35EB}.Debug|x64.ActiveCfg = Debug|Win32
		{72D8135A-48CF-464E-9B55-8991D2BA35EB}.Debug|x86.ActiveCfg = Debug|Win32
		{72D8135A-48CF-464E-9B55-8991D2BA35EB}.Debug|x86.Build.0 = Debug|Win32
		{72D8135A-48CF-464E-9B55-8991D2BA35EB}.Release|ARM.ActiveCfg = Release|Win32
		{72D8135A-48CF-464E-9B55-8991D2BA35EB}.Release|ARM64.ActiveCfg = Release|Win32
		{72D8135A-48CF-464E-9B55-8991D2BA35EB}.Release|x64.ActiveCfg = Release|Win32
		{72D8135A-48CF-464E-9B55-8991D2BA35EB}.Release|x86.ActiveCfg = Release|Win32
		{72D8135A-48CF-464E-9B55-8991D2BA35EB}.Release|x86.Build.0 = Release|Win32
		{281CEC62-CE6E-4FD6-B186-AEF2BA926BF8}.Debug|ARM.ActiveCfg = Debug|Win32
		{281CEC62-CE6E-4FD6-B186-AEF2BA926BF8}.Debug|ARM64.ActiveCfg = Debug|Win32
		{281CEC62-CE6E-4FD6-B186-AEF2BA926BF8}.Debug|x64.ActiveCfg = Debug|Win32
		{281CEC62-CE6E-4FD6-B186-AEF2BA926BF8}.Debug|x86.ActiveCfg = Debug|Win32
		{281CEC62-CE6E-4FD6-B186-AEF2BA926BF8}.Debug|x86.Build.0 = Debug|Win32
		{281CEC62-CE6E-4FD6-B186-AEF2BA926BF8}.Release|ARM.ActiveCfg = Release|Win32
		{281CEC62-CE6E-4FD6-B186-AEF2BA926BF8}.Release|ARM64.ActiveCfg = Release|Win32
		{281CEC62-CE6E-4FD6-B186-AEF2BA926BF8}.Release|x64.ActiveCfg = Release|Win32
		{281CEC62-CE6E-4FD6-B186-AEF2BA926BF8}.Release|x86.ActiveCfg = Release|Win32
		{281CEC62-CE6E-4FD6-B186-AEF2BA926BF8}.Release|x86.Build.0 = Release|Win32
		{ECF057F3-AB01-4129-8C5C-E59DD4261770}.Debug|ARM.ActiveCfg = Debug|Win32
		{ECF057F3-AB01-4129-8C5C-E59DD4261770}.Debug|ARM64.ActiveCfg = Debug|Win32
		{ECF057F3-AB01-4129-8C5C-E59DD4261770}.Debug|x64.ActiveCfg = Debug|Win32
		{ECF057F3-AB01-4129-8C5C-E59DD4261770}.Debug|x86.ActiveCfg = Debug|Win32
		{ECF057F3-AB01-4129-8C5C-E59DD4261770}.Debug|x86.Build.0 = Debug|Win32
		{ECF057F3-AB01-4129-8C5C-E59DD4261770}.Release|ARM.ActiveCfg = Release|Win32
		{ECF057F3-AB01-4129-8C5C-E59DD4261770}.Release|ARM64.ActiveCfg = Release|Win32
		{ECF057F3-AB01-4129-8C5C-E59DD4261770}.Release|x64.ActiveCfg = Release|Win32
		{ECF057F3-AB01-4129-8C5C-E59DD4261770}.Release|x86.ActiveCfg = Release|Win32
		{ECF057F3-AB01-4129-8C5C-E59DD4261770}.Release|x86.Build.0 = Release|Win32
		{41C26D67-0174-41AC-850E-1F84181138E5}.Debug|ARM.ActiveCfg = Debug|Win32
		{41C26D67-0174-41AC-850E-1F84181138E5}.Debug|ARM64.ActiveCfg = Debug|Win32
		{41C26D67-0174-41AC-850E-1F84181138E5}.Debug|x64.ActiveCfg = Debug|x64
		{41C26D67-0174-41AC-850E-1F84181138E5}.Debug|x64.Build.0 = Debug|x64
		{41C26D67-0174-41AC-850E-1F84181138E5}.Debug|x86.ActiveCfg = Debug|Win32
		{41C26D67-0174-41AC-850E-1F84181138E5}.Debug|x86.Build.0 = Debug|Win32
		{41C26D67-0174-41AC-850E-1F84181138E5}.Release|ARM.ActiveCfg = Release|Win32
		{41C26D67-0174-41AC-850E-1F84181138E5}.Release|ARM64.ActiveCfg = Release|Win32
		{41C26D67-0174-41AC-850E-1F84181138E5}.Release|x64.ActiveCfg = Release|x64
		{41C26D67-0174-41AC-850E-1F84181138E5}.Release|x64.Build.0 = Release|x64
		{41C26D67-0174-41AC-850E-1F84181138E5}.Release|x86.ActiveCfg = Release|Win32
		{41C26D67-0174-41AC-850E-1F84181138E5}.Release|x86.Build.0 = Release|Win32
		{0C743CE7-E49C-47F8-BC53-13929EA5CDA3}.Debug|ARM.ActiveCfg = Debug|Win32
		{0C743CE7-E49C-47F8-BC53-13929EA5CDA3}.Debug|ARM64.ActiveCfg = Debug|Win32
		{0C743CE7-E49C-47F8-BC53-13929EA5CDA3}.Debug|x64.ActiveCfg = Debug|x64
		{0C743CE7-E49C-47F8-BC53-13929EA5CDA3}.Debug|x64.Build.0 = Debug|x64
		{0C743CE7-E49C-47F8-BC53-13929EA5CDA3}.Debug|x86.ActiveCfg = Debug|Win32
		{0C743CE7-E49C-47F8-BC53-13929EA5CDA3}.Debug|x86.Build.0 = Debug|Win32
		{0C743CE7-E49C-47F8-BC53-13929EA5CDA3}.Release|ARM.ActiveCfg = Release|Win32
		{0C743CE7-E49C-47F8-BC53-13929EA5CDA3}.Release|ARM64.ActiveCfg = Release|Win32
		{0C743CE7-E49C-47F8-BC53-13929EA5CDA3}.Release|x64.ActiveCfg = Release|x64
		{0C743CE7-E49C-47F8-BC53-13929EA5CDA3}.Release|x64.Build.0 = Release|x64
		{0C743CE7-E49C-47F8-BC53-13929EA5CDA3}.Release|x86.ActiveCfg = Release|Win32
		{0C743CE7-E49C-47F8-BC53-13929EA5CDA3}.Release|x86.Build.0 = Release|Win32
		{5EA0AFE3-134D-4573-B8E7-ADEC802722DF}.Debug|ARM.ActiveCfg = Debug|Win32
		{5EA0AFE3-134D-4573-B8E7-ADEC802722DF}.Debug|ARM64.ActiveCfg = Debug|Win32
		{5EA0AFE3-134D-4573-B8E7-ADEC802722DF}.Debug|x64.ActiveCfg = Debug|x64
		{5EA0AFE3-134D-4573-B8E7-ADEC802722DF}.Debug|x64.Build.0 = Debug|x64
		{5EA0AFE3-134D-4573-B8E7-ADEC802722DF}.Debug|x86.ActiveCfg = Debug|Win32
		{5EA0AFE3-134D-4573-B8E7-ADEC802722DF}.Debug|x86.Build.0 = Debug|Win32
		{5EA0AFE3-134D-4573-B8E7-ADEC802722DF}.Release|ARM.ActiveCfg = Release|Win32
		{5EA0AFE3-134D-4573-B8E7-ADEC802722DF}.Release|ARM64.ActiveCfg = Release|Win32
		{5EA0AFE3-134D-4573-B8E7-ADEC802722DF}.Release|x64.ActiveCfg = Release|x64
		{5EA0AFE3-134D-4573-B8E7-ADEC802722DF}.Release|x64.Build.0 = Release|x64
		{5EA0AFE3-134D-4573-B8E7-ADEC802722DF}.Release|x86.ActiveCfg = Release|Win32
		{5EA0AFE3-134D-4573-B8E7-ADEC802722DF}.Release|x86.Build.0 = Release|Win32
		{65F9D4DA-BC6C-486D-8966-6ACCE077639D}.Debug|ARM.ActiveCfg = Debug|Win32
		{65F9D4DA-BC6C-486D-8966-6ACCE077639D}.Debug|ARM64.ActiveCfg = Debug|Win32
		{65F9D4DA-BC6C-486D-8966-6ACCE077639D}.Debug|x64.ActiveCfg = Debug|x64
		{65F9D4DA-BC6C-486D-8966-6ACCE077639D}.Debug|x64.Build.0 = Debug|x64
		{65F9D4DA-BC6C-486D-8966-6ACCE077639D}.Debug|x86.ActiveCfg = Debug|Win32
		{65F9D4DA-BC6C-486D-8966-6ACCE077639D}.Debug|x86.Build.0 = Debug|Win32
		{65F9D4DA-BC6C-486D-8966-6ACCE077639D}.Release|ARM.ActiveCfg = Release|Win32
		{65F9D4DA-BC6C-486D-8966-6ACCE077639D}.Release|ARM64.ActiveCfg = Release|Win32
		{65F9D4DA-BC6C-486D-8966-6ACCE077639D}.Release|x64.ActiveCfg = Release|x64
		{65F9D4DA-BC6C-486D-8966-6ACCE077639D}.Release|x64.Build.0 = Release|x64
		{65F9D4DA-BC6C-486D-8966-6ACCE077639D}.Release|x86.ActiveCfg = Release|Win32
		{65F9D4DA-BC6C-486D-8966-6ACCE077639D}.Release|x86.Build.0 = Release|Win32
		{0F324C6A-D08E-4044-B606-E1F65DB4E68B}.Debug|ARM.ActiveCfg = Debug|Win32
		{0F324C6A-D08E-4044-B606-E1F65DB4E68B}.Debug|ARM64.ActiveCfg = Debug|Win32
		{0F324C6A-D08E-4044-B606-E1F65DB4E68B}.Debug|x64.ActiveCfg = Debug|x64
		{0F324C6A-D08E-4044-B606-E1F65DB4E68B}.Debug|x64.Build.0 = Debug|x64
		{0F324C6A-D08E-4044-B606-E1F65DB4E68B}.Debug|x86.ActiveCfg = Debug|Win32
		{0F324C6A-D08E-4044-B606-E1F65DB4E68B}.Debug|x86.Build.0 = Debug|Win32
		{0F324C6A-D08E-4044-B606-E1F65DB4E68B}.Release|ARM.ActiveCfg = Release|Win32
		{0F324C6A-D08E-4044-B606-E1F65DB4E68B}.Release|ARM64.ActiveCfg = Release|Win32
		{0F324C6A-D08E-4044-B606-E1F65DB4E68B}.Release|x64.ActiveCfg = Release|x64
		{0F324C6A-D08E-4044-B606-E1F65DB4E68B}.Release|x64.Build.0 = Release|x64
		{0F324C6A-D08E-4044-B606-E1F65DB4E68B}.Release|x86.ActiveCfg = Release|Win32
		{0F324C6A-D08E-4044-B606-E1F65DB4E68B}.Release|x86.Build.0 = Release|Win32
		{E287BCBE-0CA5-4E3C-9F44-05F505A5A0AA}.Debug|ARM.ActiveCfg = Debug|Win32
		{E287BCBE-0CA5-4E3C-9F44-05F505A5A0AA}.Debug|ARM64.ActiveCfg = Debug|Win32
		{E287BCBE-0CA5-4E3C-9F44-05F505A5A0AA}.Debug|x64.ActiveCfg = Debug|Win32
		{E287BCBE-0CA5-4E3C-9F44-05F505A5A0AA}.Debug|x86.ActiveCfg = Debug|Win32
		{E287BCBE-0CA5-4E3C-9F44-05F505A5A0AA}.Debug|x86.Build.0 = Debug|Win32
		{E287BCBE-0CA5-4E3C-9F44-05F505A5A0AA}.Release|ARM.ActiveCfg = Release|Win32
		{E287BCBE-0CA5-4E3C-9F44-05F505A5A0AA}.Release|ARM64.ActiveCfg = Release|Win32
		{E287BCBE-0CA5-4E3C-9F44-05F505A5A0AA}.Release|x64.ActiveCfg = Release|Win32
		{E287BCBE-0CA5-4E3C-9F44-05F505A5A0AA}.Release|x86.ActiveCfg = Release|Win32
		{E287BCBE-0CA5-4E3C-9F44-05F505A5A0AA}.Release|x86.Build.0 = Release|Win32
		{897084E2-D24A-4350-95E6-5A0C204192A1}.Debug|ARM.ActiveCfg = Debug|Win32
		{897084E2-D24A-4350-95E6-5A0C204192A1}.Debug|ARM64.ActiveCfg = Debug|Win32
		{897084E2-D24A-4350-95E6-5A0C204192A1}.Debug|x64.ActiveCfg = Debug|x64
		{897084E2-D24A-4350-95E6-5A0C204192A1}.Debug|x64.Build.0 = Debug|x64
		{897084E2-D24A-4350-95E6-5A0C204192A1}.Debug|x86.ActiveCfg = Debug|Win32
		{897084E2-D24A-4350-95E6-5A0C204192A1}.Debug|x86.Build.0 = Debug|Win32
		{897084E2-D24A-4350-95E6-5A0C204192A1}.Release|ARM.ActiveCfg = Release|Win32
		{897084E2-D24A-4350-95E6-5A0C204192A1}.Release|ARM64.ActiveCfg = Release|Win32
		{897084E2-D24A-4350-95E6-5A0C204192A1}.Release|x64.ActiveCfg = Release|x64
		{897084E2-D24A-4350-95E6-5A0C204192A1}.Release|x64.Build.0 = Release|x64
		{897084E2-D24A-4350-95E6-5A0C204192A1}.Release|x86.ActiveCfg = Release|Win32
		{897084E2-D24A-4350-95E6-5A0C204192A1}.Release|x86.Build.0 = Release|Win32
		{C5D81D57-C53B-4571-9A42-9620C5BE7919}.Debug|ARM.ActiveCfg = Debug|ARM
		{C5D81D57-C53B-4571-9A42-9620C5BE7919}.Debug|ARM.Build.0 = Debug|ARM
		{C5D81D57-C53B-4571-9A42-9620C5BE7919}.Debug|ARM.Deploy.0 = Debug|ARM
		{C5D81D57-C53B-4571-9A42-9620C5BE7919}.Debug|ARM64.ActiveCfg = Debug|ARM64
		{C5D81D57-C53B-4571-9A42-9620C5BE7919}.Debug|ARM64.Build.0 = Debug|ARM64
		{C5D81D57-C53B-4571-9A42-9620C5BE7919}.Debug|ARM64.Deploy.0 = Debug|ARM64
		{C5D81D57-C53B-4571-9A42-9620C5BE7919}.Debug|x64.ActiveCfg = Debug|x64
		{C5D81D57-C53B-4571-9A42-9620C5BE7919}.Debug|x64.Build.0 = Debug|x64
		{C5D81D57-C53B-4571-9A42-9620C5BE7919}.Debug|x64.Deploy.0 = Debug|x64
		{C5D81D57-C53B-4571-9A42-9620C5BE7919}.Debug|x86.ActiveCfg = Debug|x86
		{C5D81D57-C53B-4571-9A42-9620C5BE7919}.Debug|x86.Build.0 = Debug|x86
		{C5D81D57-C53B-4571-9A42-9620C5BE7919}.Debug|x86.Deploy.0 = Debug|x86
		{C5D81D57-C53B-4571-9A42-9620C5BE7919}.Release|ARM.ActiveCfg = Release|ARM
		{C5D81D57-C53B-4571-9A42-9620C5BE7919}.Release|ARM.Build.0 = Release|ARM
		{C5D81D57-C53B-4571-9A42-9620C5BE7919}.Release|ARM.Deploy.0 = Release|ARM
		{C5D81D57-C53B-4571-9A42-9620C5BE7919}.Release|ARM64.ActiveCfg = Release|ARM64
		{C5D81D57-C53B-4571-9A42-9620C5BE7919}.Release|ARM64.Build.0 = Release|ARM64
		{C5D81D57-C53B-4571-9A42-9620C5BE7919}.Release|ARM64.Deploy.0 = Release|ARM64
		{C5D81D57-C53B-4571-9A42-9620C5BE7919}.Release|x64.ActiveCfg = Release|x64
		{C5D81D57-C53B-4571-9A42-9620C5BE7919}.Release|x64.Build.0 = Release|x64
		{C5D81D57-C53B-4571-9A42-9620C5BE7919}.Release|x64.Deploy.0 = Release|x64
		{C5D81D57-C53B-4571-9A42-9620C5BE7919}.Release|x86.ActiveCfg = Release|x86
		{C5D81D57-C53B-4571-9A42-9620C5BE7919}.Release|x86.Build.0 = Release|x86
		{C5D81D57-C53B-4571-9A42-9620C5BE7919}.Release|x86.Deploy.0 = Release|x86
		{721A954E-B907-41C9-A30A-33E17F2449EE}.Debug|ARM.ActiveCfg = Debug|Win32
		{721A954E-B907-41C9-A30A-33E17F2449EE}.Debug|ARM64.ActiveCfg = Debug|Win32
		{721A954E-B907-41C9-A30A-33E17F2449EE}.Debug|x64.ActiveCfg = Debug|x64
		{721A954E-B907-41C9-A30A-33E17F2449EE}.Debug|x64.Build.0 = Debug|x64
		{721A954E-B907-41C9-A30A-33E17F2449EE}.Debug|x86.ActiveCfg = Debug|Win32
		{721A954E-B907-41C9-A30A-33E17F2449EE}.Debug|x86.Build.0 = Debug|Win32
		{721A954E-B907-41C9-A30A-33E17F2449EE}.Release|ARM.ActiveCfg = Release|Win32
		{721A954E-B907-41C9-A30A-33E17F2449EE}.Release|ARM64.ActiveCfg = Release|Win32
		{721A954E-B907-41C9-A30A-33E17F2449EE}.Release|x64.ActiveCfg = Release|x64
		{721A954E-B907-41C9-A30A-33E17F2449EE}.Release|x64.Build.0 = Release|x64
		{721A954E-B907-41C9-A30A-33E17F2449EE}.Release|x86.ActiveCfg = Release|Win32
		{721A954E-B907-41C9-A30A-33E17F2449EE}.Release|x86.Build.0 = Release|Win32
		{C5A52A4B-AC5C-48FA-8356-2194170E674C}.Debug|ARM.ActiveCfg = Debug|Win32
		{C5A52A4B-AC5C-48FA-8356-2194170E674C}.Debug|ARM64.ActiveCfg = Debug|Win32
		{C5A52A4B-AC5C-48FA-8356-2194170E674C}.Debug|x64.ActiveCfg = Debug|x64
		{C5A52A4B-AC5C-48FA-8356-2194170E674C}.Debug|x64.Build.0 = Debug|x64
		{C5A52A4B-AC5C-48FA-8356-2194170E674C}.Debug|x86.ActiveCfg = Debug|Win32
		{C5A52A4B-AC5C-48FA-8356-2194170E674C}.Debug|x86.Build.0 = Debug|Win32
		{C5A52A4B-AC5C-48FA-8356-2194170E674C}.Release|ARM.ActiveCfg = Release|Win32
		{C5A52A4B-AC5C-48FA-8356-2194170E674C}.Release|ARM64.ActiveCfg = Release|Win32
		{C5A52A4B-AC5C-48FA-8356-2194170E674C}.Release|x64.ActiveCfg = Release|x64
		{C5A52A4B-AC5C-48FA-8356-2194170E674C}.Release|x64.Build.0 = Release|x64
		{C5A52A4B-AC5C-48FA-8356-2194170E674C}.Release|x86.ActiveCfg = Release|Win32
		{C5A52A4B-AC5C-48FA-8356-2194170E674C}.Release|x86.Build.0 = Release|Win32
		{A795FC0D-F05B-4B49-9957-E4A07A32427F}.Debug|ARM.ActiveCfg = Debug|Win32
		{A795FC0D-F05B-4B49-9957-E4A07A32427F}.Debug|ARM64.ActiveCfg = Debug|Win32
		{A795FC0D-F05B-4B49-9957-E4A07A32427F}.Debug|x64.ActiveCfg = Debug|x64
		{A795FC0D-F05B-4B49-9957-E4A07A32427F}.Debug|x64.Build.0 = Debug|x64
		{A795FC0D-F05B-4B49-9957-E4A07A32427F}.Debug|x86.ActiveCfg = Debug|Win32
		{A795FC0D-F05B-4B49-9957-E4A07A32427F}.Debug|x86.Build.0 = Debug|Win32
		{A795FC0D-F05B-4B49-9957-E4A07A32427F}.Release|ARM.ActiveCfg = Release|Win32
		{A795FC0D-F05B-4B49-9957-E4A07A32427F}.Release|ARM64.ActiveCfg = Release|Win32
		{A795FC0D-F05B-4B49-9957-E4A07A32427F}.Release|x64.ActiveCfg = Release|x64
		{A795FC0D-F05B-4B49-9957-E4A07A32427F}.Release|x64.Build.0 = Release|x64
		{A795FC0D-F05B-4B49-9957-E4A07A32427F}.Release|x86.ActiveCfg = Release|Win32
		{A795FC0D-F05B-4B49-9957-E4A07A32427F}.Release|x86.Build.0 = Release|Win32
		{67920EB2-4D8B-4B74-9EC0-A62DEF03635B}.Debug|ARM.ActiveCfg = Debug|Win32
		{67920EB2-4D8B-4B74-9EC0-A62DEF03635B}.Debug|ARM64.ActiveCfg = Debug|Win32
		{67920EB2-4D8B-4B74-9EC0-A62DEF03635B}.Debug|x64.ActiveCfg = Debug|x64
		{67920EB2-4D8B-4B74-9EC0-A62DEF03635B}.Debug|x64.Build.0 = Debug|x64
		{67920EB2-4D8B-4B74-9EC0-A62DEF03635B}.Debug|x86.ActiveCfg = Debug|Win32
		{67920EB2-4D8B-4B74-9EC0-A62DEF03635B}.Debug|x86.Build.0 = Debug|Win32
		{67920EB2-4D8B-4B74-9EC0-A62DEF03635B}.Release|ARM.ActiveCfg = Release|Win32
		{67920EB2-4D8B-4B74-9EC0-A62DEF03635B}.Release|ARM64.ActiveCfg = Release|Win32
		{67920EB2-4D8B-4B74-9EC0-A62DEF03635B}.Release|x64.ActiveCfg = Release|x64
		{67920EB2-4D8B-4B74-9EC0-A62DEF03635B}.Release|x64.Build.0 = Release|x64
		{67920EB2-4D8B-4B74-9EC0-A62DEF03635B}.Release|x86.ActiveCfg = Release|Win32
		{67920EB2-4D8B-4B74-9EC0-A62DEF03635B}.Release|x86.Build.0 = Release|Win32
		{206286CC-D1F8-4815-AA3A-7E8108ACED87}.Debug|ARM.ActiveCfg = Debug|Win32
		{206286CC-D1F8-4815-AA3A-7E8108ACED87}.Debug|ARM64.ActiveCfg = Debug|Win32
		{206286CC-D1F8-4815-AA3A-7E8108ACED87}.Debug|x64.ActiveCfg = Debug|x64
		{206286CC-D1F8-4815-AA3A-7E8108ACED87}.Debug|x64.Build.0 = Debug|x64
		{206286CC-D1F8-4815-AA3A-7E8108ACED87}.Debug|x86.ActiveCfg = Debug|Win32
		{206286CC-D1F8-4815-AA3A-7E8108ACED87}.Debug|x86.Build.0 = Debug|Win32
		{206286CC-D1F8-4815-AA3A-7E8108ACED87}.Release|ARM.ActiveCfg = Release|Win32
		{206286CC-D1F8-4815-AA3A-7E8108ACED87}.Release|ARM64.ActiveCfg = Release|Win32
		{206286CC-D1F8-4815-AA3A-7E8108ACED87}.Release|x64.ActiveCfg = Release|x64
		{206286CC-D1F8-4815-AA3A-7E8108ACED87}.Release|x64.Build.0 = Release|x64
		{206286CC-D1F8-4815-AA3A-7E8108ACED87}.Release|x86.ActiveCfg = Release|Win32
		{206286CC-D1F8-4815-AA3A-7E8108ACED87}.Release|x86.Build.0 = Release|Win32
		{09BC4A4A-0C52-4CB0-892A-EC6BFAC2DFB6}.Debug|ARM.ActiveCfg = Debug|Win32
		{09BC4A4A-0C52-4CB0-892A-EC6BFAC2DFB6}.Debug|ARM64.ActiveCfg = Debug|Win32
		{09BC4A4A-0C52-4CB0-892A-EC6BFAC2DFB6}.Debug|x64.ActiveCfg = Debug|x64
		{09BC4A4A-0C52-4CB0-892A-EC6BFAC2DFB6}.Debug|x64.Build.0 = Debug|x64
		{09BC4A4A-0C52-4CB0-892A-EC6BFAC2DFB6}.Debug|x86.ActiveCfg = Debug|Win32
		{09BC4A4A-0C52-4CB0-892A-EC6BFAC2DFB6}.Debug|x86.Build.0 = Debug|Win32
		{09BC4A4A-0C52-4CB0-892A-EC6BFAC2DFB6}.Release|ARM.ActiveCfg = Release|Win32
		{09BC4A4A-0C52-4CB0-892A-EC6BFAC2DFB6}.Release|ARM64.ActiveCfg = Release|Win32
		{09BC4A4A-0C52-4CB0-892A-EC6BFAC2DFB6}.Release|x64.ActiveCfg = Release|x64
		{09BC4A4A-0C52-4CB0-892A-EC6BFAC2DFB6}.Release|x64.Build.0 = Release|x64
		{09BC4A4A-0C52-4CB0-892A-EC6BFAC2DFB6}.Release|x86.ActiveCfg = Release|Win32
		{09BC4A4A-0C52-4CB0-892A-EC6BFAC2DFB6}.Release|x86.Build.0 = Release|Win32
		{8729B156-5936-49EE-97D6-072312774B99}.Debug|ARM.ActiveCfg = Debug|Win32
		{8729B156-5936-49EE-97D6-072312774B99}.Debug|ARM64.ActiveCfg = Debug|Win32
		{8729B156-5936-49EE-97D6-072312774B99}.Debug|x64.ActiveCfg = Debug|x64
		{8729B156-5936-49EE-97D6-072312774B99}.Debug|x64.Build.0 = Debug|x64
		{8729B156-5936-49EE-97D6-072312774B99}.Debug|x86.ActiveCfg = Debug|Win32
		{8729B156-5936-49EE-97D6-072312774B99}.Debug|x86.Build.0 = Debug|Win32
		{8729B156-5936-49EE-97D6-072312774B99}.Release|ARM.ActiveCfg = Release|Win32
		{8729B156-5936-49EE-97D6-072312774B99}.Release|ARM64.ActiveCfg = Release|Win32
		{8729B156-5936-49EE-97D6-072312774B99}.Release|x64.ActiveCfg = Release|x64
		{8729B156-5936-49EE-97D6-072312774B99}.Release|x64.Build.0 = Release|x64
		{8729B156-5936-49EE-97D6-072312774B99}.Release|x86.ActiveCfg = Release|Win32
		{8729B156-5936-49EE-97D6-072312774B99}.Release|x86.Build.0 = Release|Win32
		{0948E69C-8D39-4C84-853F-9BEDAE74F1BB}.Debug|ARM.ActiveCfg = Debug|Win32
		{0948E69C-8D39-4C84-853F-9BEDAE74F1BB}.Debug|ARM64.ActiveCfg = Debug|Win32
		{0948E69C-8D39-4C84-853F-9BEDAE74F1BB}.Debug|x64.ActiveCfg = Debug|x64
		{0948E69C-8D39-4C84-853F-9BEDAE74F1BB}.Debug|x64.Build.0 = Debug|x64
		{0948E69C-8D39-4C84-853F-9BEDAE74F1BB}.Debug|x86.ActiveCfg = Debug|Win32
		{0948E69C-8D39-4C84-853F-9BEDAE74F1BB}.Debug|x86.Build.0 = Debug|Win32
		{0948E69C-8D39-4C84-853F-9BEDAE74F1BB}.Release|ARM.ActiveCfg = Release|Win32
		{0948E69C-8D39-4C84-853F-9BEDAE74F1BB}.Release|ARM64.ActiveCfg = Release|Win32
		{0948E69C-8D39-4C84-853F-9BEDAE74F1BB}.Release|x64.ActiveCfg = Release|x64
		{0948E69C-8D39-4C84-853F-9BEDAE74F1BB}.Release|x64.Build.0 = Release|x64
		{0948E69C-8D39-4C84-853F-9BEDAE74F1BB}.Release|x86.ActiveCfg = Release|Win32
		{0948E69C-8D39-4C84-853F-9BEDAE74F1BB}.Release|x86.Build.0 = Release|Win32
	EndGlobalSection
	GlobalSection(SolutionProperties) = preSolution
		HideSolutionNode = FALSE
	EndGlobalSection
	GlobalSection(NestedProjects) = preSolution
		{155F525A-FA2F-471F-A2DF-9B77E7CCCFA5} = {21DC893D-AB0B-48E1-9E23-069A025218D9}
		{8A39D7AF-50AF-43BD-8CC6-DA20B6349F03} = {21DC893D-AB0B-48E1-9E23-069A025218D9}
		{372670F2-83A5-4058-B93C-BB0DCC1521ED} = {D9BC4E5B-7E8F-4C86-BF15-CCB75CBC256F}
		{5A2CA1BE-5A4B-41B0-B74A-F86AB433F4A5} = {42703978-A988-403D-9723-E35527FA8A07}
		{608A105E-40DB-44FD-8FC2-A66AB921688D} = {42703978-A988-403D-9723-E35527FA8A07}
		{B4B8F20B-1B3E-42CD-8B37-A734EF3CA279} = {D9BC4E5B-7E8F-4C86-BF15-CCB75CBC256F}
		{3E322E9F-E560-4300-AFF8-1DCE44E7DDA2} = {D9BC4E5B-7E8F-4C86-BF15-CCB75CBC256F}
		{8A9333D5-2981-4E92-87BF-AFFC5F99B1A4} = {D9BC4E5B-7E8F-4C86-BF15-CCB75CBC256F}
		{B5D9E71E-2BFE-4D04-A66A-4CB0A103CD77} = {42703978-A988-403D-9723-E35527FA8A07}
		{9A3F45EB-C57C-4789-8177-0DEFCC5AFD0E} = {B5D9E71E-2BFE-4D04-A66A-4CB0A103CD77}
		{0E6598D3-602D-4552-97F7-DC5AB458D553} = {21DC893D-AB0B-48E1-9E23-069A025218D9}
		{519E5179-6E95-44EF-A63B-65C9C9C47A3B} = {0E6598D3-602D-4552-97F7-DC5AB458D553}
		{FEAECF59-4F31-4E6E-A28A-8DD0D8DEEB58} = {42703978-A988-403D-9723-E35527FA8A07}
		{E13021FA-C9A3-4627-B7EF-16E97B7E2E14} = {42703978-A988-403D-9723-E35527FA8A07}
		{8D9BBE8F-28BE-481B-A27F-A87526A78C67} = {42703978-A988-403D-9723-E35527FA8A07}
		{16CFC30A-57FA-4CCA-94FE-B2217B626454} = {5A2CA1BE-5A4B-41B0-B74A-F86AB433F4A5}
		{0E7B820E-22E6-4F30-B0E1-F1CEE55C114F} = {16CFC30A-57FA-4CCA-94FE-B2217B626454}
		{513FCA46-EB27-422D-8B65-BAB4AA594D43} = {16CFC30A-57FA-4CCA-94FE-B2217B626454}
		{EB799714-86C1-4DB1-A199-D4E596B9E801} = {16CFC30A-57FA-4CCA-94FE-B2217B626454}
		{823DD7B5-4815-4132-8D28-A5AFBC70DF45} = {513FCA46-EB27-422D-8B65-BAB4AA594D43}
		{41E61D5E-42D7-4EEA-A6B5-3D13DB455848} = {5A2CA1BE-5A4B-41B0-B74A-F86AB433F4A5}
		{F441BB78-6FE1-4FCB-80C3-9FC5F8131996} = {5A2CA1BE-5A4B-41B0-B74A-F86AB433F4A5}
		{175611D7-9C38-4269-B0B4-66DE9555A8EB} = {ABCB8CF8-5E82-4C47-A0FC-E82DF105DF99}
		{D9BC4E5B-7E8F-4C86-BF15-CCB75CBC256F} = {21DC893D-AB0B-48E1-9E23-069A025218D9}
		{F118E1C9-F461-4CAA-A0F1-75F5A5C8ADF3} = {42703978-A988-403D-9723-E35527FA8A07}
		{0E82BB61-0D27-42B4-8F11-98DB2A21C168} = {F118E1C9-F461-4CAA-A0F1-75F5A5C8ADF3}
		{42039C84-62EE-4F71-A4B9-E9DB2880357C} = {F118E1C9-F461-4CAA-A0F1-75F5A5C8ADF3}
		{16CAD8DD-EF99-4A38-B5AA-BF86FC7A07AB} = {F118E1C9-F461-4CAA-A0F1-75F5A5C8ADF3}
		{904EC99B-A012-4134-AE6F-E21635FB602F} = {0E6598D3-602D-4552-97F7-DC5AB458D553}
		{79A2C0A6-B8BB-406F-A732-C6300A611EC8} = {0E6598D3-602D-4552-97F7-DC5AB458D553}
		{CA7812A3-9E48-4A94-B39A-32EED587E38A} = {0E6598D3-602D-4552-97F7-DC5AB458D553}
		{ABCB8CF8-5E82-4C47-A0FC-E82DF105DF99} = {21DC893D-AB0B-48E1-9E23-069A025218D9}
		{4AB0552E-F2D7-4FF0-B019-90D83847A25C} = {ABCB8CF8-5E82-4C47-A0FC-E82DF105DF99}
		{42F7EE20-C9AC-49CE-9D92-479576295810} = {0E6598D3-602D-4552-97F7-DC5AB458D553}
		{82EF7CB9-D551-43FC-A2A5-485C37C7895B} = {0E6598D3-602D-4552-97F7-DC5AB458D553}
		{65C310A4-DAA5-4D94-91B3-848F4E5F5C17} = {0E6598D3-602D-4552-97F7-DC5AB458D553}
		{704FF7EB-D633-4D0A-957B-01D908478D6D} = {ABCB8CF8-5E82-4C47-A0FC-E82DF105DF99}
		{EAAE08F7-6CD8-4708-9FD4-ADD856CC6658} = {21DC893D-AB0B-48E1-9E23-069A025218D9}
		{26D2B628-713F-419A-B2E2-32BDFA803E3C} = {77DBD16D-112C-448D-BA6A-CE566A9331FC}
		{2252B5D4-2D13-4F02-8008-AB2E0D38A154} = {D9BC4E5B-7E8F-4C86-BF15-CCB75CBC256F}
		{7DC0D84B-7F96-4BB9-9B8A-D86B7B031E61} = {D9BC4E5B-7E8F-4C86-BF15-CCB75CBC256F}
		{58DA7AE8-9975-4F28-A1BF-44A7C01B6F7F} = {D9BC4E5B-7E8F-4C86-BF15-CCB75CBC256F}
		{B8F4AB37-A049-443B-8B75-4D0C831B234B} = {D9BC4E5B-7E8F-4C86-BF15-CCB75CBC256F}
		{F1EFC4C7-AF79-4A65-9FE1-7C5305DC2E6A} = {D9BC4E5B-7E8F-4C86-BF15-CCB75CBC256F}
		{96714588-A974-49B5-95BE-BF843FBFD260} = {D9BC4E5B-7E8F-4C86-BF15-CCB75CBC256F}
		{2457D30D-2DE9-4DF2-9047-CFA652E4F6CB} = {ABCB8CF8-5E82-4C47-A0FC-E82DF105DF99}
		{0CCBAB78-35DD-46FF-B369-AE4920BEA43A} = {D9BC4E5B-7E8F-4C86-BF15-CCB75CBC256F}
		{B12702AD-ABFB-343A-A199-8E24837244A3} = {729A65CE-3F07-4C2E-ACDC-F9EEC6477F2A}
		{44FC9BE2-8C8B-4A84-9C3A-28DA3F6C2DC1} = {F118E1C9-F461-4CAA-A0F1-75F5A5C8ADF3}
		{C1066CE5-C22E-3BC0-A99A-9E37E3DB9724} = {44FC9BE2-8C8B-4A84-9C3A-28DA3F6C2DC1}
		{5BAC792A-2FC6-4E53-8C0B-3267778F8981} = {0E6598D3-602D-4552-97F7-DC5AB458D553}
		{2DABB64E-7965-40BA-A81A-8AFACF648AC8} = {0E6598D3-602D-4552-97F7-DC5AB458D553}
		{33173172-E8FB-403B-8D49-28F4E026C3BB} = {0E6598D3-602D-4552-97F7-DC5AB458D553}
		{D11505A8-228C-4450-9674-08D993962615} = {0E6598D3-602D-4552-97F7-DC5AB458D553}
		{5AFB3C82-FDEA-458C-9B56-E28A3F96F113} = {21DC893D-AB0B-48E1-9E23-069A025218D9}
		{726DE046-6AF9-4138-B3C9-23B77822433A} = {5AFB3C82-FDEA-458C-9B56-E28A3F96F113}
		{72D8135A-48CF-464E-9B55-8991D2BA35EB} = {5AFB3C82-FDEA-458C-9B56-E28A3F96F113}
		{281CEC62-CE6E-4FD6-B186-AEF2BA926BF8} = {5AFB3C82-FDEA-458C-9B56-E28A3F96F113}
		{ECF057F3-AB01-4129-8C5C-E59DD4261770} = {5AFB3C82-FDEA-458C-9B56-E28A3F96F113}
		{41C26D67-0174-41AC-850E-1F84181138E5} = {729A65CE-3F07-4C2E-ACDC-F9EEC6477F2A}
		{0C743CE7-E49C-47F8-BC53-13929EA5CDA3} = {ABCB8CF8-5E82-4C47-A0FC-E82DF105DF99}
		{5EA0AFE3-134D-4573-B8E7-ADEC802722DF} = {0E6598D3-602D-4552-97F7-DC5AB458D553}
		{77DBD16D-112C-448D-BA6A-CE566A9331FC} = {21DC893D-AB0B-48E1-9E23-069A025218D9}
		{65F9D4DA-BC6C-486D-8966-6ACCE077639D} = {77DBD16D-112C-448D-BA6A-CE566A9331FC}
		{0F324C6A-D08E-4044-B606-E1F65DB4E68B} = {0E6598D3-602D-4552-97F7-DC5AB458D553}
		{E287BCBE-0CA5-4E3C-9F44-05F505A5A0AA} = {0E6598D3-602D-4552-97F7-DC5AB458D553}
		{897084E2-D24A-4350-95E6-5A0C204192A1} = {0E6598D3-602D-4552-97F7-DC5AB458D553}
		{C5D81D57-C53B-4571-9A42-9620C5BE7919} = {ABCB8CF8-5E82-4C47-A0FC-E82DF105DF99}
		{721A954E-B907-41C9-A30A-33E17F2449EE} = {729A65CE-3F07-4C2E-ACDC-F9EEC6477F2A}
		{C5A52A4B-AC5C-48FA-8356-2194170E674C} = {729A65CE-3F07-4C2E-ACDC-F9EEC6477F2A}
		{A795FC0D-F05B-4B49-9957-E4A07A32427F} = {77DBD16D-112C-448D-BA6A-CE566A9331FC}
		{67920EB2-4D8B-4B74-9EC0-A62DEF03635B} = {729A65CE-3F07-4C2E-ACDC-F9EEC6477F2A}
		{206286CC-D1F8-4815-AA3A-7E8108ACED87} = {729A65CE-3F07-4C2E-ACDC-F9EEC6477F2A}
		{09BC4A4A-0C52-4CB0-892A-EC6BFAC2DFB6} = {729A65CE-3F07-4C2E-ACDC-F9EEC6477F2A}
		{8729B156-5936-49EE-97D6-072312774B99} = {21DC893D-AB0B-48E1-9E23-069A025218D9}
		{2C706FD2-D417-43C4-B393-68B58A05E26B} = {21DC893D-AB0B-48E1-9E23-069A025218D9}
		{0948E69C-8D39-4C84-853F-9BEDAE74F1BB} = {2C706FD2-D417-43C4-B393-68B58A05E26B}
	EndGlobalSection
	GlobalSection(ExtensibilityGlobals) = postSolution
		SolutionGuid = {A8EBEA58-739C-4DED-99C0-239779F57D5D}
	EndGlobalSection
EndGlobal
