
Microsoft Visual Studio Solution File, Format Version 12.00
# Visual Studio Version 16
VisualStudioVersion = 16.0.29209.62
MinimumVisualStudioVersion = 10.0.40219.1
Project("{8BC9CEB8-8B4A-11D0-8D11-00A0C91BC942}") = "test", "test\test.vcxproj", "{155F525A-FA2F-471F-A2DF-9B77E7CCCFA5}"
EndProject
Project("{8BC9CEB8-8B4A-11D0-8D11-00A0C91BC942}") = "test_win32", "test_win32\test_win32.vcxproj", "{A4B1CDB2-7325-4E22-AD0A-1D2907924CDB}"
EndProject
Project("{8BC9CEB8-8B4A-11D0-8D11-00A0C91BC942}") = "test_qt", "test_qt\test_qt.vcxproj", "{B12702AD-ABFB-343A-A199-8E24837244A3}"
EndProject
Project("{8BC9CEB8-8B4A-11D0-8D11-00A0C91BC942}") = "test_json", "test_json\test_json.vcxproj", "{8A39D7AF-50AF-43BD-8CC6-DA20B6349F03}"
EndProject
Project("{8BC9CEB8-8B4A-11D0-8D11-00A0C91BC942}") = "test_timestamp", "test_timestamp\test_timestamp.vcxproj", "{372670F2-83A5-4058-B93C-BB0DCC1521ED}"
EndProject
Project("{2150E333-8FDC-42A3-9474-1A3956D46DE8}") = "jlib", "jlib", "{42703978-A988-403D-9723-E35527FA8A07}"
	ProjectSection(SolutionItems) = preProject
		..\jlib\dp.h = ..\jlib\dp.h
		..\jlib\log.h = ..\jlib\log.h
		..\jlib\log2.h = ..\jlib\log2.h
		..\jlib\net.h = ..\jlib\net.h
		..\jlib\utf8.h = ..\jlib\utf8.h
		..\jlib\win32.h = ..\jlib\win32.h
	EndProjectSection
EndProject
Project("{2150E333-8FDC-42A3-9474-1A3956D46DE8}") = "3rdparty", "3rdparty", "{5A2CA1BE-5A4B-41B0-B74A-F86AB433F4A5}"
EndProject
Project("{2150E333-8FDC-42A3-9474-1A3956D46DE8}") = "base", "base", "{608A105E-40DB-44FD-8FC2-A66AB921688D}"
	ProjectSection(SolutionItems) = preProject
		..\jlib\base\cast.h = ..\jlib\base\cast.h
		..\jlib\base\config.h = ..\jlib\base\config.h
		..\jlib\base\copyable.h = ..\jlib\base\copyable.h
		..\jlib\base\currentthread.h = ..\jlib\base\currentthread.h
		..\jlib\base\logging.h = ..\jlib\base\logging.h
		..\jlib\base\logstream.h = ..\jlib\base\logstream.h
		..\jlib\base\noncopyable.h = ..\jlib\base\noncopyable.h
		..\jlib\base\singleton.h = ..\jlib\base\singleton.h
		..\jlib\base\stringpiece.h = ..\jlib\base\stringpiece.h
		..\jlib\base\time.h = ..\jlib\base\time.h
		..\jlib\base\timestamp.h = ..\jlib\base\timestamp.h
		..\jlib\base\timezone.h = ..\jlib\base\timezone.h
	EndProjectSection
EndProject
Project("{8BC9CEB8-8B4A-11D0-8D11-00A0C91BC942}") = "test_singleton", "test_singleton\test_singleton.vcxproj", "{B4B8F20B-1B3E-42CD-8B37-A734EF3CA279}"
EndProject
Project("{8BC9CEB8-8B4A-11D0-8D11-00A0C91BC942}") = "test_logging", "test_logging\test_logging.vcxproj", "{3E322E9F-E560-4300-AFF8-1DCE44E7DDA2}"
EndProject
Project("{8BC9CEB8-8B4A-11D0-8D11-00A0C91BC942}") = "test_timezone", "test_timezone\test_timezone.vcxproj", "{8A9333D5-2981-4E92-87BF-AFFC5F99B1A4}"
EndProject
Project("{2150E333-8FDC-42A3-9474-1A3956D46DE8}") = "win32", "win32", "{B5D9E71E-2BFE-4D04-A66A-4CB0A103CD77}"
	ProjectSection(SolutionItems) = preProject
		..\jlib\win32\clipboard.h = ..\jlib\win32\clipboard.h
		..\jlib\win32\deviceuniqueidentifier.h = ..\jlib\win32\deviceuniqueidentifier.h
		..\jlib\win32\file_op.h = ..\jlib\win32\file_op.h
		..\jlib\win32\memory_micros.h = ..\jlib\win32\memory_micros.h
		..\jlib\win32\MyWSAError.h = ..\jlib\win32\MyWSAError.h
		..\jlib\win32\odbccp32.lib = ..\jlib\win32\odbccp32.lib
		..\jlib\win32\path_op.h = ..\jlib\win32\path_op.h
		..\jlib\win32\registry.h = ..\jlib\win32\registry.h
		..\jlib\win32\resolve.h = ..\jlib\win32\resolve.h
		..\jlib\win32\UnicodeTool.h = ..\jlib\win32\UnicodeTool.h
		..\jlib\win32\wmi.h = ..\jlib\win32\wmi.h
	EndProjectSection
EndProject
Project("{2150E333-8FDC-42A3-9474-1A3956D46DE8}") = "mfc", "mfc", "{9A3F45EB-C57C-4789-8177-0DEFCC5AFD0E}"
	ProjectSection(SolutionItems) = preProject
		..\jlib\win32\mfc\FileOper.h = ..\jlib\win32\mfc\FileOper.h
	EndProjectSection
EndProject
Project("{2150E333-8FDC-42A3-9474-1A3956D46DE8}") = "tests", "tests", "{21DC893D-AB0B-48E1-9E23-069A025218D9}"
EndProject
Project("{2150E333-8FDC-42A3-9474-1A3956D46DE8}") = "win32_tests", "win32_tests", "{0E6598D3-602D-4552-97F7-DC5AB458D553}"
EndProject
Project("{8BC9CEB8-8B4A-11D0-8D11-00A0C91BC942}") = "test_registry", "test_registry\test_registry.vcxproj", "{519E5179-6E95-44EF-A63B-65C9C9C47A3B}"
EndProject
Project("{2150E333-8FDC-42A3-9474-1A3956D46DE8}") = "net", "net", "{FEAECF59-4F31-4E6E-A28A-8DD0D8DEEB58}"
	ProjectSection(SolutionItems) = preProject
		..\jlib\net\icmp_header.hpp = ..\jlib\net\icmp_header.hpp
		..\jlib\net\ipv4_header.hpp = ..\jlib\net\ipv4_header.hpp
		..\jlib\net\ping.h = ..\jlib\net\ping.h
	EndProjectSection
EndProject
Project("{2150E333-8FDC-42A3-9474-1A3956D46DE8}") = "util", "util", "{E13021FA-C9A3-4627-B7EF-16E97B7E2E14}"
	ProjectSection(SolutionItems) = preProject
		..\jlib\util\chrono_wrapper.h = ..\jlib\util\chrono_wrapper.h
		..\jlib\util\curl_wrapper.h = ..\jlib\util\curl_wrapper.h
		..\jlib\util\mem_tool.h = ..\jlib\util\mem_tool.h
		..\jlib\util\micro_getter_setter.h = ..\jlib\util\micro_getter_setter.h
		..\jlib\util\rand.h = ..\jlib\util\rand.h
		..\jlib\util\space.h = ..\jlib\util\space.h
		..\jlib\util\std_util.h = ..\jlib\util\std_util.h
		..\jlib\util\version_no.h = ..\jlib\util\version_no.h
	EndProjectSection
EndProject
Project("{2150E333-8FDC-42A3-9474-1A3956D46DE8}") = "dp", "dp", "{8D9BBE8F-28BE-481B-A27F-A87526A78C67}"
	ProjectSection(SolutionItems) = preProject
		..\jlib\dp\observer.h = ..\jlib\dp\observer.h
		..\jlib\dp\singleton.h = ..\jlib\dp\singleton.h
	EndProjectSection
EndProject
Project("{2150E333-8FDC-42A3-9474-1A3956D46DE8}") = "spdlog", "spdlog", "{16CFC30A-57FA-4CCA-94FE-B2217B626454}"
	ProjectSection(SolutionItems) = preProject
		..\jlib\3rdparty\spdlog\async_logger.h = ..\jlib\3rdparty\spdlog\async_logger.h
		..\jlib\3rdparty\spdlog\common.h = ..\jlib\3rdparty\spdlog\common.h
		..\jlib\3rdparty\spdlog\formatter.h = ..\jlib\3rdparty\spdlog\formatter.h
		..\jlib\3rdparty\spdlog\logger.h = ..\jlib\3rdparty\spdlog\logger.h
		..\jlib\3rdparty\spdlog\spdlog.h = ..\jlib\3rdparty\spdlog\spdlog.h
		..\jlib\3rdparty\spdlog\tweakme.h = ..\jlib\3rdparty\spdlog\tweakme.h
	EndProjectSection
EndProject
Project("{2150E333-8FDC-42A3-9474-1A3956D46DE8}") = "details", "details", "{0E7B820E-22E6-4F30-B0E1-F1CEE55C114F}"
	ProjectSection(SolutionItems) = preProject
		..\jlib\3rdparty\spdlog\details\async_log_helper.h = ..\jlib\3rdparty\spdlog\details\async_log_helper.h
		..\jlib\3rdparty\spdlog\details\async_logger_impl.h = ..\jlib\3rdparty\spdlog\details\async_logger_impl.h
		..\jlib\3rdparty\spdlog\details\file_helper.h = ..\jlib\3rdparty\spdlog\details\file_helper.h
		..\jlib\3rdparty\spdlog\details\log_msg.h = ..\jlib\3rdparty\spdlog\details\log_msg.h
		..\jlib\3rdparty\spdlog\details\logger_impl.h = ..\jlib\3rdparty\spdlog\details\logger_impl.h
		..\jlib\3rdparty\spdlog\details\mpmc_bounded_q.h = ..\jlib\3rdparty\spdlog\details\mpmc_bounded_q.h
		..\jlib\3rdparty\spdlog\details\null_mutex.h = ..\jlib\3rdparty\spdlog\details\null_mutex.h
		..\jlib\3rdparty\spdlog\details\os.h = ..\jlib\3rdparty\spdlog\details\os.h
		..\jlib\3rdparty\spdlog\details\pattern_formatter_impl.h = ..\jlib\3rdparty\spdlog\details\pattern_formatter_impl.h
		..\jlib\3rdparty\spdlog\details\registry.h = ..\jlib\3rdparty\spdlog\details\registry.h
		..\jlib\3rdparty\spdlog\details\spdlog_impl.h = ..\jlib\3rdparty\spdlog\details\spdlog_impl.h
	EndProjectSection
EndProject
Project("{2150E333-8FDC-42A3-9474-1A3956D46DE8}") = "fmt", "fmt", "{513FCA46-EB27-422D-8B65-BAB4AA594D43}"
	ProjectSection(SolutionItems) = preProject
		..\jlib\3rdparty\spdlog\fmt\fmt.h = ..\jlib\3rdparty\spdlog\fmt\fmt.h
		..\jlib\3rdparty\spdlog\fmt\ostr.h = ..\jlib\3rdparty\spdlog\fmt\ostr.h
	EndProjectSection
EndProject
Project("{2150E333-8FDC-42A3-9474-1A3956D46DE8}") = "sinks", "sinks", "{EB799714-86C1-4DB1-A199-D4E596B9E801}"
	ProjectSection(SolutionItems) = preProject
		..\jlib\3rdparty\spdlog\sinks\android_sink.h = ..\jlib\3rdparty\spdlog\sinks\android_sink.h
		..\jlib\3rdparty\spdlog\sinks\ansicolor_sink.h = ..\jlib\3rdparty\spdlog\sinks\ansicolor_sink.h
		..\jlib\3rdparty\spdlog\sinks\base_sink.h = ..\jlib\3rdparty\spdlog\sinks\base_sink.h
		..\jlib\3rdparty\spdlog\sinks\dist_sink.h = ..\jlib\3rdparty\spdlog\sinks\dist_sink.h
		..\jlib\3rdparty\spdlog\sinks\file_sinks.h = ..\jlib\3rdparty\spdlog\sinks\file_sinks.h
		..\jlib\3rdparty\spdlog\sinks\msvc_sink.h = ..\jlib\3rdparty\spdlog\sinks\msvc_sink.h
		..\jlib\3rdparty\spdlog\sinks\null_sink.h = ..\jlib\3rdparty\spdlog\sinks\null_sink.h
		..\jlib\3rdparty\spdlog\sinks\ostream_sink.h = ..\jlib\3rdparty\spdlog\sinks\ostream_sink.h
		..\jlib\3rdparty\spdlog\sinks\sink.h = ..\jlib\3rdparty\spdlog\sinks\sink.h
		..\jlib\3rdparty\spdlog\sinks\stdout_sinks.h = ..\jlib\3rdparty\spdlog\sinks\stdout_sinks.h
		..\jlib\3rdparty\spdlog\sinks\syslog_sink.h = ..\jlib\3rdparty\spdlog\sinks\syslog_sink.h
		..\jlib\3rdparty\spdlog\sinks\wincolor_sink.h = ..\jlib\3rdparty\spdlog\sinks\wincolor_sink.h
	EndProjectSection
EndProject
Project("{2150E333-8FDC-42A3-9474-1A3956D46DE8}") = "bundled", "bundled", "{823DD7B5-4815-4132-8D28-A5AFBC70DF45}"
	ProjectSection(SolutionItems) = preProject
		..\jlib\3rdparty\spdlog\fmt\bundled\format.cc = ..\jlib\3rdparty\spdlog\fmt\bundled\format.cc
		..\jlib\3rdparty\spdlog\fmt\bundled\format.h = ..\jlib\3rdparty\spdlog\fmt\bundled\format.h
		..\jlib\3rdparty\spdlog\fmt\bundled\ostream.cc = ..\jlib\3rdparty\spdlog\fmt\bundled\ostream.cc
		..\jlib\3rdparty\spdlog\fmt\bundled\ostream.h = ..\jlib\3rdparty\spdlog\fmt\bundled\ostream.h
		..\jlib\3rdparty\spdlog\fmt\bundled\posix.cc = ..\jlib\3rdparty\spdlog\fmt\bundled\posix.cc
		..\jlib\3rdparty\spdlog\fmt\bundled\posix.h = ..\jlib\3rdparty\spdlog\fmt\bundled\posix.h
		..\jlib\3rdparty\spdlog\fmt\bundled\time.h = ..\jlib\3rdparty\spdlog\fmt\bundled\time.h
	EndProjectSection
EndProject
Project("{2150E333-8FDC-42A3-9474-1A3956D46DE8}") = "utf8", "utf8", "{41E61D5E-42D7-4EEA-A6B5-3D13DB455848}"
	ProjectSection(SolutionItems) = preProject
		..\jlib\3rdparty\utf8\checked.h = ..\jlib\3rdparty\utf8\checked.h
		..\jlib\3rdparty\utf8\core.h = ..\jlib\3rdparty\utf8\core.h
		..\jlib\3rdparty\utf8\unchecked.h = ..\jlib\3rdparty\utf8\unchecked.h
	EndProjectSection
EndProject
Project("{2150E333-8FDC-42A3-9474-1A3956D46DE8}") = "curl", "curl", "{F441BB78-6FE1-4FCB-80C3-9FC5F8131996}"
	ProjectSection(SolutionItems) = preProject
		..\jlib\3rdparty\curl\curl.h = ..\jlib\3rdparty\curl\curl.h
		..\jlib\3rdparty\curl\curlver.h = ..\jlib\3rdparty\curl\curlver.h
		..\jlib\3rdparty\curl\easy.h = ..\jlib\3rdparty\curl\easy.h
		..\jlib\3rdparty\curl\libcurl.dll = ..\jlib\3rdparty\curl\libcurl.dll
		..\jlib\3rdparty\curl\libcurldll.a = ..\jlib\3rdparty\curl\libcurldll.a
		..\jlib\3rdparty\curl\mprintf.h = ..\jlib\3rdparty\curl\mprintf.h
		..\jlib\3rdparty\curl\multi.h = ..\jlib\3rdparty\curl\multi.h
		..\jlib\3rdparty\curl\stdcheaders.h = ..\jlib\3rdparty\curl\stdcheaders.h
		..\jlib\3rdparty\curl\system.h = ..\jlib\3rdparty\curl\system.h
		..\jlib\3rdparty\curl\typecheck-gcc.h = ..\jlib\3rdparty\curl\typecheck-gcc.h
	EndProjectSection
EndProject
Project("{8BC9CEB8-8B4A-11D0-8D11-00A0C91BC942}") = "test_curl_wrapper", "test_curl_wrapper\test_curl_wrapper.vcxproj", "{175611D7-9C38-4269-B0B4-66DE9555A8EB}"
EndProject
Project("{2150E333-8FDC-42A3-9474-1A3956D46DE8}") = "base_tests", "base_tests", "{D9BC4E5B-7E8F-4C86-BF15-CCB75CBC256F}"
EndProject
Project("{2150E333-8FDC-42A3-9474-1A3956D46DE8}") = "qt", "qt", "{F118E1C9-F461-4CAA-A0F1-75F5A5C8ADF3}"
	ProjectSection(SolutionItems) = preProject
		..\jlib\qt\ErrorCode.h = ..\jlib\qt\ErrorCode.h
		..\jlib\qt\QtDebug.h = ..\jlib\qt\QtDebug.h
		..\jlib\qt\QtDebugOutput.h = ..\jlib\qt\QtDebugOutput.h
		..\jlib\qt\QtPathHelper.h = ..\jlib\qt\QtPathHelper.h
		..\jlib\qt\QtStylesheet.h = ..\jlib\qt\QtStylesheet.h
		..\jlib\qt\QtUtils.h = ..\jlib\qt\QtUtils.h
		..\jlib\qt\signal_slot.h = ..\jlib\qt\signal_slot.h
	EndProjectSection
EndProject
Project("{2150E333-8FDC-42A3-9474-1A3956D46DE8}") = "Ctrl", "Ctrl", "{0E82BB61-0D27-42B4-8F11-98DB2A21C168}"
	ProjectSection(SolutionItems) = preProject
		..\jlib\qt\Ctrl\ThreadCtrl.h = ..\jlib\qt\Ctrl\ThreadCtrl.h
	EndProjectSection
EndProject
Project("{2150E333-8FDC-42A3-9474-1A3956D46DE8}") = "Model", "Model", "{42039C84-62EE-4F71-A4B9-E9DB2880357C}"
	ProjectSection(SolutionItems) = preProject
		..\jlib\qt\Model\ThreadModel.h = ..\jlib\qt\Model\ThreadModel.h
	EndProjectSection
EndProject
Project("{2150E333-8FDC-42A3-9474-1A3956D46DE8}") = "View", "View", "{16CAD8DD-EF99-4A38-B5AA-BF86FC7A07AB}"
	ProjectSection(SolutionItems) = preProject
		..\jlib\qt\View\BgColorBtn.h = ..\jlib\qt\View\BgColorBtn.h
		..\jlib\qt\View\HttpDlg.h = ..\jlib\qt\View\HttpDlg.h
		..\jlib\qt\View\HttpDlgErrorCode.h = ..\jlib\qt\View\HttpDlgErrorCode.h
		..\jlib\qt\View\IconBtn.h = ..\jlib\qt\View\IconBtn.h
		..\jlib\qt\View\LoadingView.h = ..\jlib\qt\View\LoadingView.h
		..\jlib\qt\View\PageTitle.h = ..\jlib\qt\View\PageTitle.h
		..\jlib\qt\View\RndButton.h = ..\jlib\qt\View\RndButton.h
	EndProjectSection
EndProject
Project("{8BC9CEB8-8B4A-11D0-8D11-00A0C91BC942}") = "test_clipboard", "test_clipboard\test_clipboard.vcxproj", "{904EC99B-A012-4134-AE6F-E21635FB602F}"
EndProject
Project("{8BC9CEB8-8B4A-11D0-8D11-00A0C91BC942}") = "test_wmi", "test_wmi\test_wmi.vcxproj", "{79A2C0A6-B8BB-406F-A732-C6300A611EC8}"
EndProject
Project("{8BC9CEB8-8B4A-11D0-8D11-00A0C91BC942}") = "testDeviceUniqueIdentifier", "testDeviceUniqueIdentifier\testDeviceUniqueIdentifier.vcxproj", "{CA7812A3-9E48-4A94-B39A-32EED587E38A}"
EndProject
Global
	GlobalSection(SolutionConfigurationPlatforms) = preSolution
		Debug|x64 = Debug|x64
		Debug|x86 = Debug|x86
		Release|x64 = Release|x64
		Release|x86 = Release|x86
	EndGlobalSection
	GlobalSection(ProjectConfigurationPlatforms) = postSolution
		{155F525A-FA2F-471F-A2DF-9B77E7CCCFA5}.Debug|x64.ActiveCfg = Debug|x64
		{155F525A-FA2F-471F-A2DF-9B77E7CCCFA5}.Debug|x64.Build.0 = Debug|x64
		{155F525A-FA2F-471F-A2DF-9B77E7CCCFA5}.Debug|x86.ActiveCfg = Debug|Win32
		{155F525A-FA2F-471F-A2DF-9B77E7CCCFA5}.Debug|x86.Build.0 = Debug|Win32
		{155F525A-FA2F-471F-A2DF-9B77E7CCCFA5}.Release|x64.ActiveCfg = Release|x64
		{155F525A-FA2F-471F-A2DF-9B77E7CCCFA5}.Release|x64.Build.0 = Release|x64
		{155F525A-FA2F-471F-A2DF-9B77E7CCCFA5}.Release|x86.ActiveCfg = Release|Win32
		{155F525A-FA2F-471F-A2DF-9B77E7CCCFA5}.Release|x86.Build.0 = Release|Win32
		{A4B1CDB2-7325-4E22-AD0A-1D2907924CDB}.Debug|x64.ActiveCfg = Debug|x64
		{A4B1CDB2-7325-4E22-AD0A-1D2907924CDB}.Debug|x64.Build.0 = Debug|x64
		{A4B1CDB2-7325-4E22-AD0A-1D2907924CDB}.Debug|x86.ActiveCfg = Debug|Win32
		{A4B1CDB2-7325-4E22-AD0A-1D2907924CDB}.Debug|x86.Build.0 = Debug|Win32
		{A4B1CDB2-7325-4E22-AD0A-1D2907924CDB}.Release|x64.ActiveCfg = Release|x64
		{A4B1CDB2-7325-4E22-AD0A-1D2907924CDB}.Release|x64.Build.0 = Release|x64
		{A4B1CDB2-7325-4E22-AD0A-1D2907924CDB}.Release|x86.ActiveCfg = Release|Win32
		{A4B1CDB2-7325-4E22-AD0A-1D2907924CDB}.Release|x86.Build.0 = Release|Win32
		{B12702AD-ABFB-343A-A199-8E24837244A3}.Debug|x64.ActiveCfg = Debug|Win32
		{B12702AD-ABFB-343A-A199-8E24837244A3}.Debug|x86.ActiveCfg = Debug|Win32
		{B12702AD-ABFB-343A-A199-8E24837244A3}.Debug|x86.Build.0 = Debug|Win32
		{B12702AD-ABFB-343A-A199-8E24837244A3}.Release|x64.ActiveCfg = Release|Win32
		{B12702AD-ABFB-343A-A199-8E24837244A3}.Release|x86.ActiveCfg = Release|Win32
		{B12702AD-ABFB-343A-A199-8E24837244A3}.Release|x86.Build.0 = Release|Win32
		{8A39D7AF-50AF-43BD-8CC6-DA20B6349F03}.Debug|x64.ActiveCfg = Debug|x64
		{8A39D7AF-50AF-43BD-8CC6-DA20B6349F03}.Debug|x64.Build.0 = Debug|x64
		{8A39D7AF-50AF-43BD-8CC6-DA20B6349F03}.Debug|x86.ActiveCfg = Debug|Win32
		{8A39D7AF-50AF-43BD-8CC6-DA20B6349F03}.Debug|x86.Build.0 = Debug|Win32
		{8A39D7AF-50AF-43BD-8CC6-DA20B6349F03}.Release|x64.ActiveCfg = Release|x64
		{8A39D7AF-50AF-43BD-8CC6-DA20B6349F03}.Release|x64.Build.0 = Release|x64
		{8A39D7AF-50AF-43BD-8CC6-DA20B6349F03}.Release|x86.ActiveCfg = Release|Win32
		{8A39D7AF-50AF-43BD-8CC6-DA20B6349F03}.Release|x86.Build.0 = Release|Win32
		{372670F2-83A5-4058-B93C-BB0DCC1521ED}.Debug|x64.ActiveCfg = Debug|x64
		{372670F2-83A5-4058-B93C-BB0DCC1521ED}.Debug|x64.Build.0 = Debug|x64
		{372670F2-83A5-4058-B93C-BB0DCC1521ED}.Debug|x86.ActiveCfg = Debug|Win32
		{372670F2-83A5-4058-B93C-BB0DCC1521ED}.Debug|x86.Build.0 = Debug|Win32
		{372670F2-83A5-4058-B93C-BB0DCC1521ED}.Release|x64.ActiveCfg = Release|x64
		{372670F2-83A5-4058-B93C-BB0DCC1521ED}.Release|x64.Build.0 = Release|x64
		{372670F2-83A5-4058-B93C-BB0DCC1521ED}.Release|x86.ActiveCfg = Release|Win32
		{372670F2-83A5-4058-B93C-BB0DCC1521ED}.Release|x86.Build.0 = Release|Win32
		{B4B8F20B-1B3E-42CD-8B37-A734EF3CA279}.Debug|x64.ActiveCfg = Debug|x64
		{B4B8F20B-1B3E-42CD-8B37-A734EF3CA279}.Debug|x64.Build.0 = Debug|x64
		{B4B8F20B-1B3E-42CD-8B37-A734EF3CA279}.Debug|x86.ActiveCfg = Debug|Win32
		{B4B8F20B-1B3E-42CD-8B37-A734EF3CA279}.Debug|x86.Build.0 = Debug|Win32
		{B4B8F20B-1B3E-42CD-8B37-A734EF3CA279}.Release|x64.ActiveCfg = Release|x64
		{B4B8F20B-1B3E-42CD-8B37-A734EF3CA279}.Release|x64.Build.0 = Release|x64
		{B4B8F20B-1B3E-42CD-8B37-A734EF3CA279}.Release|x86.ActiveCfg = Release|Win32
		{B4B8F20B-1B3E-42CD-8B37-A734EF3CA279}.Release|x86.Build.0 = Release|Win32
		{3E322E9F-E560-4300-AFF8-1DCE44E7DDA2}.Debug|x64.ActiveCfg = Debug|x64
		{3E322E9F-E560-4300-AFF8-1DCE44E7DDA2}.Debug|x64.Build.0 = Debug|x64
		{3E322E9F-E560-4300-AFF8-1DCE44E7DDA2}.Debug|x86.ActiveCfg = Debug|Win32
		{3E322E9F-E560-4300-AFF8-1DCE44E7DDA2}.Debug|x86.Build.0 = Debug|Win32
		{3E322E9F-E560-4300-AFF8-1DCE44E7DDA2}.Release|x64.ActiveCfg = Release|x64
		{3E322E9F-E560-4300-AFF8-1DCE44E7DDA2}.Release|x64.Build.0 = Release|x64
		{3E322E9F-E560-4300-AFF8-1DCE44E7DDA2}.Release|x86.ActiveCfg = Release|Win32
		{3E322E9F-E560-4300-AFF8-1DCE44E7DDA2}.Release|x86.Build.0 = Release|Win32
		{8A9333D5-2981-4E92-87BF-AFFC5F99B1A4}.Debug|x64.ActiveCfg = Debug|x64
		{8A9333D5-2981-4E92-87BF-AFFC5F99B1A4}.Debug|x64.Build.0 = Debug|x64
		{8A9333D5-2981-4E92-87BF-AFFC5F99B1A4}.Debug|x86.ActiveCfg = Debug|Win32
		{8A9333D5-2981-4E92-87BF-AFFC5F99B1A4}.Debug|x86.Build.0 = Debug|Win32
		{8A9333D5-2981-4E92-87BF-AFFC5F99B1A4}.Release|x64.ActiveCfg = Release|x64
		{8A9333D5-2981-4E92-87BF-AFFC5F99B1A4}.Release|x64.Build.0 = Release|x64
		{8A9333D5-2981-4E92-87BF-AFFC5F99B1A4}.Release|x86.ActiveCfg = Release|Win32
		{8A9333D5-2981-4E92-87BF-AFFC5F99B1A4}.Release|x86.Build.0 = Release|Win32
		{519E5179-6E95-44EF-A63B-65C9C9C47A3B}.Debug|x64.ActiveCfg = Debug|x64
		{519E5179-6E95-44EF-A63B-65C9C9C47A3B}.Debug|x64.Build.0 = Debug|x64
		{519E5179-6E95-44EF-A63B-65C9C9C47A3B}.Debug|x86.ActiveCfg = Debug|Win32
		{519E5179-6E95-44EF-A63B-65C9C9C47A3B}.Debug|x86.Build.0 = Debug|Win32
		{519E5179-6E95-44EF-A63B-65C9C9C47A3B}.Release|x64.ActiveCfg = Release|x64
		{519E5179-6E95-44EF-A63B-65C9C9C47A3B}.Release|x64.Build.0 = Release|x64
		{519E5179-6E95-44EF-A63B-65C9C9C47A3B}.Release|x86.ActiveCfg = Release|Win32
		{519E5179-6E95-44EF-A63B-65C9C9C47A3B}.Release|x86.Build.0 = Release|Win32
		{175611D7-9C38-4269-B0B4-66DE9555A8EB}.Debug|x64.ActiveCfg = Debug|x64
		{175611D7-9C38-4269-B0B4-66DE9555A8EB}.Debug|x64.Build.0 = Debug|x64
		{175611D7-9C38-4269-B0B4-66DE9555A8EB}.Debug|x86.ActiveCfg = Debug|Win32
		{175611D7-9C38-4269-B0B4-66DE9555A8EB}.Debug|x86.Build.0 = Debug|Win32
		{175611D7-9C38-4269-B0B4-66DE9555A8EB}.Release|x64.ActiveCfg = Release|x64
		{175611D7-9C38-4269-B0B4-66DE9555A8EB}.Release|x64.Build.0 = Release|x64
		{175611D7-9C38-4269-B0B4-66DE9555A8EB}.Release|x86.ActiveCfg = Release|Win32
		{175611D7-9C38-4269-B0B4-66DE9555A8EB}.Release|x86.Build.0 = Release|Win32
		{904EC99B-A012-4134-AE6F-E21635FB602F}.Debug|x64.ActiveCfg = Debug|x64
		{904EC99B-A012-4134-AE6F-E21635FB602F}.Debug|x64.Build.0 = Debug|x64
		{904EC99B-A012-4134-AE6F-E21635FB602F}.Debug|x86.ActiveCfg = Debug|Win32
		{904EC99B-A012-4134-AE6F-E21635FB602F}.Debug|x86.Build.0 = Debug|Win32
		{904EC99B-A012-4134-AE6F-E21635FB602F}.Release|x64.ActiveCfg = Release|x64
		{904EC99B-A012-4134-AE6F-E21635FB602F}.Release|x64.Build.0 = Release|x64
		{904EC99B-A012-4134-AE6F-E21635FB602F}.Release|x86.ActiveCfg = Release|Win32
		{904EC99B-A012-4134-AE6F-E21635FB602F}.Release|x86.Build.0 = Release|Win32
		{79A2C0A6-B8BB-406F-A732-C6300A611EC8}.Debug|x64.ActiveCfg = Debug|x64
		{79A2C0A6-B8BB-406F-A732-C6300A611EC8}.Debug|x64.Build.0 = Debug|x64
		{79A2C0A6-B8BB-406F-A732-C6300A611EC8}.Debug|x86.ActiveCfg = Debug|Win32
		{79A2C0A6-B8BB-406F-A732-C6300A611EC8}.Debug|x86.Build.0 = Debug|Win32
		{79A2C0A6-B8BB-406F-A732-C6300A611EC8}.Release|x64.ActiveCfg = Release|x64
		{79A2C0A6-B8BB-406F-A732-C6300A611EC8}.Release|x64.Build.0 = Release|x64
		{79A2C0A6-B8BB-406F-A732-C6300A611EC8}.Release|x86.ActiveCfg = Release|Win32
		{79A2C0A6-B8BB-406F-A732-C6300A611EC8}.Release|x86.Build.0 = Release|Win32
		{CA7812A3-9E48-4A94-B39A-32EED587E38A}.Debug|x64.ActiveCfg = Debug|x64
		{CA7812A3-9E48-4A94-B39A-32EED587E38A}.Debug|x64.Build.0 = Debug|x64
		{CA7812A3-9E48-4A94-B39A-32EED587E38A}.Debug|x86.ActiveCfg = Debug|Win32
		{CA7812A3-9E48-4A94-B39A-32EED587E38A}.Debug|x86.Build.0 = Debug|Win32
		{CA7812A3-9E48-4A94-B39A-32EED587E38A}.Release|x64.ActiveCfg = Release|x64
		{CA7812A3-9E48-4A94-B39A-32EED587E38A}.Release|x64.Build.0 = Release|x64
		{CA7812A3-9E48-4A94-B39A-32EED587E38A}.Release|x86.ActiveCfg = Release|Win32
		{CA7812A3-9E48-4A94-B39A-32EED587E38A}.Release|x86.Build.0 = Release|Win32
	EndGlobalSection
	GlobalSection(SolutionProperties) = preSolution
		HideSolutionNode = FALSE
	EndGlobalSection
	GlobalSection(NestedProjects) = preSolution
		{155F525A-FA2F-471F-A2DF-9B77E7CCCFA5} = {21DC893D-AB0B-48E1-9E23-069A025218D9}
		{A4B1CDB2-7325-4E22-AD0A-1D2907924CDB} = {0E6598D3-602D-4552-97F7-DC5AB458D553}
		{B12702AD-ABFB-343A-A199-8E24837244A3} = {21DC893D-AB0B-48E1-9E23-069A025218D9}
		{8A39D7AF-50AF-43BD-8CC6-DA20B6349F03} = {21DC893D-AB0B-48E1-9E23-069A025218D9}
		{372670F2-83A5-4058-B93C-BB0DCC1521ED} = {D9BC4E5B-7E8F-4C86-BF15-CCB75CBC256F}
		{5A2CA1BE-5A4B-41B0-B74A-F86AB433F4A5} = {42703978-A988-403D-9723-E35527FA8A07}
		{608A105E-40DB-44FD-8FC2-A66AB921688D} = {42703978-A988-403D-9723-E35527FA8A07}
		{B4B8F20B-1B3E-42CD-8B37-A734EF3CA279} = {D9BC4E5B-7E8F-4C86-BF15-CCB75CBC256F}
		{3E322E9F-E560-4300-AFF8-1DCE44E7DDA2} = {D9BC4E5B-7E8F-4C86-BF15-CCB75CBC256F}
		{8A9333D5-2981-4E92-87BF-AFFC5F99B1A4} = {D9BC4E5B-7E8F-4C86-BF15-CCB75CBC256F}
		{B5D9E71E-2BFE-4D04-A66A-4CB0A103CD77} = {42703978-A988-403D-9723-E35527FA8A07}
		{9A3F45EB-C57C-4789-8177-0DEFCC5AFD0E} = {B5D9E71E-2BFE-4D04-A66A-4CB0A103CD77}
		{0E6598D3-602D-4552-97F7-DC5AB458D553} = {21DC893D-AB0B-48E1-9E23-069A025218D9}
		{519E5179-6E95-44EF-A63B-65C9C9C47A3B} = {0E6598D3-602D-4552-97F7-DC5AB458D553}
		{FEAECF59-4F31-4E6E-A28A-8DD0D8DEEB58} = {42703978-A988-403D-9723-E35527FA8A07}
		{E13021FA-C9A3-4627-B7EF-16E97B7E2E14} = {42703978-A988-403D-9723-E35527FA8A07}
		{8D9BBE8F-28BE-481B-A27F-A87526A78C67} = {42703978-A988-403D-9723-E35527FA8A07}
		{16CFC30A-57FA-4CCA-94FE-B2217B626454} = {5A2CA1BE-5A4B-41B0-B74A-F86AB433F4A5}
		{0E7B820E-22E6-4F30-B0E1-F1CEE55C114F} = {16CFC30A-57FA-4CCA-94FE-B2217B626454}
		{513FCA46-EB27-422D-8B65-BAB4AA594D43} = {16CFC30A-57FA-4CCA-94FE-B2217B626454}
		{EB799714-86C1-4DB1-A199-D4E596B9E801} = {16CFC30A-57FA-4CCA-94FE-B2217B626454}
		{823DD7B5-4815-4132-8D28-A5AFBC70DF45} = {513FCA46-EB27-422D-8B65-BAB4AA594D43}
		{41E61D5E-42D7-4EEA-A6B5-3D13DB455848} = {5A2CA1BE-5A4B-41B0-B74A-F86AB433F4A5}
		{F441BB78-6FE1-4FCB-80C3-9FC5F8131996} = {5A2CA1BE-5A4B-41B0-B74A-F86AB433F4A5}
		{175611D7-9C38-4269-B0B4-66DE9555A8EB} = {21DC893D-AB0B-48E1-9E23-069A025218D9}
		{D9BC4E5B-7E8F-4C86-BF15-CCB75CBC256F} = {21DC893D-AB0B-48E1-9E23-069A025218D9}
		{F118E1C9-F461-4CAA-A0F1-75F5A5C8ADF3} = {42703978-A988-403D-9723-E35527FA8A07}
		{0E82BB61-0D27-42B4-8F11-98DB2A21C168} = {F118E1C9-F461-4CAA-A0F1-75F5A5C8ADF3}
		{42039C84-62EE-4F71-A4B9-E9DB2880357C} = {F118E1C9-F461-4CAA-A0F1-75F5A5C8ADF3}
		{16CAD8DD-EF99-4A38-B5AA-BF86FC7A07AB} = {F118E1C9-F461-4CAA-A0F1-75F5A5C8ADF3}
		{904EC99B-A012-4134-AE6F-E21635FB602F} = {0E6598D3-602D-4552-97F7-DC5AB458D553}
		{79A2C0A6-B8BB-406F-A732-C6300A611EC8} = {0E6598D3-602D-4552-97F7-DC5AB458D553}
		{CA7812A3-9E48-4A94-B39A-32EED587E38A} = {0E6598D3-602D-4552-97F7-DC5AB458D553}
	EndGlobalSection
	GlobalSection(ExtensibilityGlobals) = postSolution
		SolutionGuid = {A8EBEA58-739C-4DED-99C0-239779F57D5D}
	EndGlobalSection
EndGlobal
