<?xml version="1.0" encoding="utf-8"?>
<Project ToolsVersion="4.0" xmlns="http://schemas.microsoft.com/developer/msbuild/2003">
  <ItemGroup>
    <Filter Include="Source Files">
      <UniqueIdentifier>{4FC737F1-C7A5-4376-A066-2A32D752A2FF}</UniqueIdentifier>
      <Extensions>cpp;c;cc;cxx;def;odl;idl;hpj;bat;asm;asmx</Extensions>
    </Filter>
    <Filter Include="Header Files">
      <UniqueIdentifier>{93995380-89BD-4b04-88EB-625FBE52EBFB}</UniqueIdentifier>
      <Extensions>h;hh;hpp;hxx;hm;inl;inc;xsd</Extensions>
    </Filter>
    <Filter Include="Resource Files">
      <UniqueIdentifier>{D9D6E242-F8AF-46E4-B9FD-80ECBC20BA3E}</UniqueIdentifier>
      <Extensions>qrc;*</Extensions>
      <ParseFiles>false</ParseFiles>
    </Filter>
    <Filter Include="Form Files">
      <UniqueIdentifier>{99349809-55BA-4b9d-BF79-8FDBB0286EB3}</UniqueIdentifier>
      <Extensions>ui</Extensions>
    </Filter>
    <Filter Include="Resource Files">
      <UniqueIdentifier>{D9D6E242-F8AF-46E4-B9FD-80ECBC20BA3E}</UniqueIdentifier>
      <Extensions>qrc;*</Extensions>
      <ParseFiles>false</ParseFiles>
    </Filter>
    <Filter Include="Generated Files">
      <UniqueIdentifier>{71ED8ED8-ACB9-4CE9-BBE1-E00B30144E11}</UniqueIdentifier>
      <Extensions>moc;h;cpp</Extensions>
      <SourceControlFiles>False</SourceControlFiles>
    </Filter>
    <Filter Include="qt">
      <UniqueIdentifier>{9514ec45-59b4-415f-aa40-b0e9eb2e311d}</UniqueIdentifier>
    </Filter>
    <Filter Include="qt\Model">
      <UniqueIdentifier>{479dcc6b-8305-4ebf-bdbd-e6c1617e4d7a}</UniqueIdentifier>
    </Filter>
    <Filter Include="qt\Ctrl">
      <UniqueIdentifier>{2a28e950-9b19-425b-b76a-c4da0b991342}</UniqueIdentifier>
    </Filter>
    <Filter Include="qt\View">
      <UniqueIdentifier>{7f4daad8-d572-47e4-ba33-03bd06a61f83}</UniqueIdentifier>
    </Filter>
  </ItemGroup>
  <ItemGroup>
    <ClCompile Include="main.cpp">
      <Filter>Source Files</Filter>
    </ClCompile>
    <ClCompile Include="test_qt.cpp">
      <Filter>Source Files</Filter>
    </ClCompile>
  </ItemGroup>
  <ItemGroup>
    <QtMoc Include="test_qt.h">
      <Filter>Header Files</Filter>
    </QtMoc>
    <QtMoc Include="..\..\jlib\qt\View\BgColorBtn.h">
      <Filter>qt\View</Filter>
    </QtMoc>
    <QtMoc Include="..\..\jlib\qt\View\HttpDlg.h">
      <Filter>qt\View</Filter>
    </QtMoc>
    <QtMoc Include="..\..\jlib\qt\View\IconBtn.h">
      <Filter>qt\View</Filter>
    </QtMoc>
    <QtMoc Include="..\..\jlib\qt\View\LoadingView.h">
      <Filter>qt\View</Filter>
    </QtMoc>
    <QtMoc Include="..\..\jlib\qt\View\PageTitle.h">
      <Filter>qt\View</Filter>
    </QtMoc>
    <QtMoc Include="..\..\jlib\qt\View\RndButton.h">
      <Filter>qt\View</Filter>
    </QtMoc>
    <QtMoc Include="..\..\jlib\qt\Ctrl\ThreadCtrl.h">
      <Filter>qt\Ctrl</Filter>
    </QtMoc>
  </ItemGroup>
  <ItemGroup>
    <QtUic Include="test_qt.ui">
      <Filter>Form Files</Filter>
    </QtUic>
  </ItemGroup>
  <ItemGroup>
    <QtRcc Include="test_qt.qrc">
      <Filter>Resource Files</Filter>
    </QtRcc>
  </ItemGroup>
  <ItemGroup>
    <ClInclude Include="..\..\jlib\qt\View\HttpDlgErrorCode.h">
      <Filter>qt\View</Filter>
    </ClInclude>
    <ClInclude Include="..\..\jlib\qt\QtDebug.h">
      <Filter>qt</Filter>
    </ClInclude>
    <ClInclude Include="..\..\jlib\qt\QtDebugOutput.h">
      <Filter>qt</Filter>
    </ClInclude>
    <ClInclude Include="..\..\jlib\qt\QtPathHelper.h">
      <Filter>qt</Filter>
    </ClInclude>
    <ClInclude Include="..\..\jlib\qt\QtStylesheet.h">
      <Filter>qt</Filter>
    </ClInclude>
    <ClInclude Include="..\..\jlib\qt\QtUtils.h">
      <Filter>qt</Filter>
    </ClInclude>
    <ClInclude Include="..\..\jlib\qt\ErrorCode.h">
      <Filter>qt</Filter>
    </ClInclude>
    <ClInclude Include="..\..\jlib\qt\Model\ThreadModel.h">
      <Filter>qt\Model</Filter>
    </ClInclude>
  </ItemGroup>
</Project>